// !$*UTF8*$!
{
	archiveVersion = 1;
	classes = {
	};
	objectVersion = 56;
	objects = {

/* Begin PBXBuildFile section */
		720FA9E52BF2D74500E3111A /* Param.swift in Sources */ = {isa = PBXBuildFile; fileRef = 720FA9E42BF2D74500E3111A /* Param.swift */; };
		720FA9E72BF36E4D00E3111A /* BundleDataSource.swift in Sources */ = {isa = PBXBuildFile; fileRef = 720FA9E62BF36E4D00E3111A /* BundleDataSource.swift */; };
		720FA9EA2BF36F0900E3111A /* BundleRepository.swift in Sources */ = {isa = PBXBuildFile; fileRef = 720FA9E92BF36F0900E3111A /* BundleRepository.swift */; };
		720FA9EC2BF3709000E3111A /* ParamBundleModel.swift in Sources */ = {isa = PBXBuildFile; fileRef = 720FA9EB2BF3709000E3111A /* ParamBundleModel.swift */; };
		720FA9EE2BF373AF00E3111A /* ParamBundleMapper.swift in Sources */ = {isa = PBXBuildFile; fileRef = 720FA9ED2BF373AF00E3111A /* ParamBundleMapper.swift */; };
		720FA9F22BF3854200E3111A /* BundleFile.swift in Sources */ = {isa = PBXBuildFile; fileRef = 720FA9F12BF3854200E3111A /* BundleFile.swift */; };
		722CC6E82BEA17F100A978C7 /* StationsNetworkMapper.swift in Sources */ = {isa = PBXBuildFile; fileRef = 722CC6D92BEA17F100A978C7 /* StationsNetworkMapper.swift */; };
		722CC6E92BEA17F100A978C7 /* StationNetworkModel.swift in Sources */ = {isa = PBXBuildFile; fileRef = 722CC6DB2BEA17F100A978C7 /* StationNetworkModel.swift */; };
		722CC6EA2BEA17F100A978C7 /* Endpoint.swift in Sources */ = {isa = PBXBuildFile; fileRef = 722CC6DD2BEA17F100A978C7 /* Endpoint.swift */; };
		722CC6EB2BEA17F100A978C7 /* GetStationsUseCase.swift in Sources */ = {isa = PBXBuildFile; fileRef = 722CC6DE2BEA17F100A978C7 /* GetStationsUseCase.swift */; };
		722CC6EC2BEA17F100A978C7 /* GIOSApiRepository.swift in Sources */ = {isa = PBXBuildFile; fileRef = 722CC6DF2BEA17F100A978C7 /* GIOSApiRepository.swift */; };
		722CC6ED2BEA17F100A978C7 /* GIOSApiResponse.swift in Sources */ = {isa = PBXBuildFile; fileRef = 722CC6E02BEA17F100A978C7 /* GIOSApiResponse.swift */; };
		722CC6EE2BEA17F100A978C7 /* HTTPDataSource.swift in Sources */ = {isa = PBXBuildFile; fileRef = 722CC6E12BEA17F100A978C7 /* HTTPDataSource.swift */; };
		722CC6EF2BEA17F100A978C7 /* HTTPRequest.swift in Sources */ = {isa = PBXBuildFile; fileRef = 722CC6E22BEA17F100A978C7 /* HTTPRequest.swift */; };
		722CC6F02BEA17F100A978C7 /* Station.swift in Sources */ = {isa = PBXBuildFile; fileRef = 722CC6E42BEA17F100A978C7 /* Station.swift */; };
		722CC6F12BEA17F100A978C7 /* DependenciesContainer.swift in Sources */ = {isa = PBXBuildFile; fileRef = 722CC6E62BEA17F100A978C7 /* DependenciesContainer.swift */; };
		722CC7012BEA182B00A978C7 /* EmptyError.swift in Sources */ = {isa = PBXBuildFile; fileRef = 722CC6F72BEA182B00A978C7 /* EmptyError.swift */; };
		722CC7022BEA182B00A978C7 /* HTTPRequestTests.swift in Sources */ = {isa = PBXBuildFile; fileRef = 722CC6F82BEA182B00A978C7 /* HTTPRequestTests.swift */; };
		722CC7032BEA182B00A978C7 /* GIOSApiRepositoryTests.swift in Sources */ = {isa = PBXBuildFile; fileRef = 722CC6F92BEA182B00A978C7 /* GIOSApiRepositoryTests.swift */; };
		722CC7042BEA182B00A978C7 /* HTTPDataStoreTests.swift in Sources */ = {isa = PBXBuildFile; fileRef = 722CC6FA2BEA182B00A978C7 /* HTTPDataStoreTests.swift */; };
		722CC7052BEA182B00A978C7 /* EndpointFake.swift in Sources */ = {isa = PBXBuildFile; fileRef = 722CC6FC2BEA182B00A978C7 /* EndpointFake.swift */; };
		722CC7062BEA182B00A978C7 /* ErrorDummy.swift in Sources */ = {isa = PBXBuildFile; fileRef = 722CC6FD2BEA182B00A978C7 /* ErrorDummy.swift */; };
		722CC7072BEA182B00A978C7 /* HTTPDataSourceMock.swift in Sources */ = {isa = PBXBuildFile; fileRef = 722CC6FE2BEA182B00A978C7 /* HTTPDataSourceMock.swift */; };
		725B510D2BF0BC6A00273235 /* StationsListViewModel.swift in Sources */ = {isa = PBXBuildFile; fileRef = 725B510A2BF0BC6A00273235 /* StationsListViewModel.swift */; };
		726140D92BEB88FD0027961C /* Alamofire in Frameworks */ = {isa = PBXBuildFile; productRef = 726140D82BEB88FD0027961C /* Alamofire */; };
		726140E12BEE0B9F0027961C /* AppCoordinator.swift in Sources */ = {isa = PBXBuildFile; fileRef = 726140E02BEE0B9F0027961C /* AppCoordinator.swift */; };
		726140EB2BEE5EE70027961C /* Stations.swift in Sources */ = {isa = PBXBuildFile; fileRef = 726140EA2BEE5EE70027961C /* Stations.swift */; };
		72ACEE972BF115C4009A4A93 /* StationsListViewModel+PreviewDummy.swift in Sources */ = {isa = PBXBuildFile; fileRef = 725B51142BF1130800273235 /* StationsListViewModel+PreviewDummy.swift */; };
		72ACEE982BF115C4009A4A93 /* StationsListView.swift in Sources */ = {isa = PBXBuildFile; fileRef = 725B51092BF0BC6A00273235 /* StationsListView.swift */; };
		72ACEE9A2BF1162E009A4A93 /* StationPreviewDummy.swift in Sources */ = {isa = PBXBuildFile; fileRef = 72ACEE992BF1162E009A4A93 /* StationPreviewDummy.swift */; };
		72CE026F2BF41F950088F5F3 /* Localizable.strings in Resources */ = {isa = PBXBuildFile; fileRef = 72CE026D2BF41F950088F5F3 /* Localizable.strings */; };
		72CE02722BF656470088F5F3 /* ParamDummy.swift in Sources */ = {isa = PBXBuildFile; fileRef = 72CE02712BF656470088F5F3 /* ParamDummy.swift */; };
		72CE02742BF658280088F5F3 /* SensorDetailsContainerView.swift in Sources */ = {isa = PBXBuildFile; fileRef = 72CE02732BF658280088F5F3 /* SensorDetailsContainerView.swift */; };
		72D8F9082BD8764500F26FB1 /* AirQualityApp.swift in Sources */ = {isa = PBXBuildFile; fileRef = 72D8F9072BD8764500F26FB1 /* AirQualityApp.swift */; };
		72D8F90C2BD8764600F26FB1 /* Assets.xcassets in Resources */ = {isa = PBXBuildFile; fileRef = 72D8F90B2BD8764600F26FB1 /* Assets.xcassets */; };
		72D8F90F2BD8764600F26FB1 /* Preview Assets.xcassets in Resources */ = {isa = PBXBuildFile; fileRef = 72D8F90E2BD8764600F26FB1 /* Preview Assets.xcassets */; };
		72D977B02BF3D3D500703046 /* ParamsInfo.json in Resources */ = {isa = PBXBuildFile; fileRef = 72D977AF2BF3D3D500703046 /* ParamsInfo.json */; };
		72E81FCE2BF119F100218BEA /* SelectedStationView.swift in Sources */ = {isa = PBXBuildFile; fileRef = 72E81FCB2BF119F100218BEA /* SelectedStationView.swift */; };
		72E81FCF2BF119F100218BEA /* SelectedStationViewModel.swift in Sources */ = {isa = PBXBuildFile; fileRef = 72E81FCC2BF119F100218BEA /* SelectedStationViewModel.swift */; };
		72E81FD12BF119FD00218BEA /* SensorsNetworkMapper.swift in Sources */ = {isa = PBXBuildFile; fileRef = 72E81FD02BF119FD00218BEA /* SensorsNetworkMapper.swift */; };
		72E81FD32BF11A0700218BEA /* SensorNetworkModel.swift in Sources */ = {isa = PBXBuildFile; fileRef = 72E81FD22BF11A0700218BEA /* SensorNetworkModel.swift */; };
		72E81FD52BF11A0C00218BEA /* GetSensorsUseCase.swift in Sources */ = {isa = PBXBuildFile; fileRef = 72E81FD42BF11A0C00218BEA /* GetSensorsUseCase.swift */; };
		72E81FD72BF11A6A00218BEA /* GetStationsUseCaseTests.swift in Sources */ = {isa = PBXBuildFile; fileRef = 72E81FD62BF11A6A00218BEA /* GetStationsUseCaseTests.swift */; };
		72E81FD92BF11AB400218BEA /* GIOSApiRepositorySpy.swift in Sources */ = {isa = PBXBuildFile; fileRef = 72E81FD82BF11AB300218BEA /* GIOSApiRepositorySpy.swift */; };
		72E81FDB2BF11C9200218BEA /* Sensor.swift in Sources */ = {isa = PBXBuildFile; fileRef = 72E81FDA2BF11C9200218BEA /* Sensor.swift */; };
		72E81FDD2BF11D2400218BEA /* StationDummy.swift in Sources */ = {isa = PBXBuildFile; fileRef = 72E81FDC2BF11D2400218BEA /* StationDummy.swift */; };
		72E81FDE2BF1247800218BEA /* Sensors.swift in Sources */ = {isa = PBXBuildFile; fileRef = 726140EC2BEE5EEE0027961C /* Sensors.swift */; };
		72E81FE02BF1268B00218BEA /* GetSensorsUseCaseTests.swift in Sources */ = {isa = PBXBuildFile; fileRef = 72E81FDF2BF1268B00218BEA /* GetSensorsUseCaseTests.swift */; };
		72E81FE22BF127BD00218BEA /* SensorDummy.swift in Sources */ = {isa = PBXBuildFile; fileRef = 72E81FE12BF127BD00218BEA /* SensorDummy.swift */; };
		72E81FE52BF1306A00218BEA /* Injected.swift in Sources */ = {isa = PBXBuildFile; fileRef = 72E81FE42BF1306A00218BEA /* Injected.swift */; };
		72E81FE72BF1307B00218BEA /* AllDependencies.swift in Sources */ = {isa = PBXBuildFile; fileRef = 72E81FE62BF1307B00218BEA /* AllDependencies.swift */; };
		72E81FE92BF1308F00218BEA /* DependenciesContainerManager.swift in Sources */ = {isa = PBXBuildFile; fileRef = 72E81FE82BF1308F00218BEA /* DependenciesContainerManager.swift */; };
		72E81FEB2BF1627400218BEA /* BaseTestCase.swift in Sources */ = {isa = PBXBuildFile; fileRef = 72E81FEA2BF1627400218BEA /* BaseTestCase.swift */; };
		72E81FED2BF1629300218BEA /* OptionalProtocol.swift in Sources */ = {isa = PBXBuildFile; fileRef = 72E81FEC2BF1629300218BEA /* OptionalProtocol.swift */; };
		72E81FF42BF168E500218BEA /* MapperProtocol.swift in Sources */ = {isa = PBXBuildFile; fileRef = 72E81FF32BF168E500218BEA /* MapperProtocol.swift */; };
		72E81FF72BF16C2A00218BEA /* DependenciesContainerDummy.swift in Sources */ = {isa = PBXBuildFile; fileRef = 72E81FF62BF16C2A00218BEA /* DependenciesContainerDummy.swift */; };
		72E81FF92BF171B400218BEA /* SensorPreviewDummy.swift in Sources */ = {isa = PBXBuildFile; fileRef = 72E81FF82BF171B400218BEA /* SensorPreviewDummy.swift */; };
		72E81FFB2BF172D300218BEA /* SelectedStationViewModel+PreviewDummy.swift in Sources */ = {isa = PBXBuildFile; fileRef = 72E81FFA2BF172D300218BEA /* SelectedStationViewModel+PreviewDummy.swift */; };
		72E81FFF2BF1791E00218BEA /* Measurement.swift in Sources */ = {isa = PBXBuildFile; fileRef = 72E81FFE2BF1791E00218BEA /* Measurement.swift */; };
		72E820012BF1799400218BEA /* Measurements.swift in Sources */ = {isa = PBXBuildFile; fileRef = 72E820002BF1799400218BEA /* Measurements.swift */; };
		72E820032BF17A2F00218BEA /* MeasurementNetworkModel.swift in Sources */ = {isa = PBXBuildFile; fileRef = 72E820022BF17A2F00218BEA /* MeasurementNetworkModel.swift */; };
		72E820052BF17AA400218BEA /* MeasurementsNetworkMapper.swift in Sources */ = {isa = PBXBuildFile; fileRef = 72E820042BF17AA400218BEA /* MeasurementsNetworkMapper.swift */; };
		72F4FF1C2BE8D0A6005A90EC /* Development.xcconfig in Resources */ = {isa = PBXBuildFile; fileRef = 72F4FF1B2BE8D0A6005A90EC /* Development.xcconfig */; };
		72F4FF1E2BE8D140005A90EC /* Production.xcconfig in Resources */ = {isa = PBXBuildFile; fileRef = 72F4FF1D2BE8D140005A90EC /* Production.xcconfig */; };
		72FB16AD2BF1FDFB007FED02 /* Logger.swift in Sources */ = {isa = PBXBuildFile; fileRef = 72FB16AC2BF1FDFB007FED02 /* Logger.swift */; };
		72FB16AF2BF20AC8007FED02 /* SelectedStationModel.swift in Sources */ = {isa = PBXBuildFile; fileRef = 72FB16AE2BF20AC8007FED02 /* SelectedStationModel.swift */; };
		72FB16B12BF2295C007FED02 /* SelectedStationViewModelTests.swift in Sources */ = {isa = PBXBuildFile; fileRef = 72FB16B02BF2295C007FED02 /* SelectedStationViewModelTests.swift */; };
		72FB16B52BF22B20007FED02 /* GetSensorsUseCaseSpy.swift in Sources */ = {isa = PBXBuildFile; fileRef = 72FB16B42BF22B20007FED02 /* GetSensorsUseCaseSpy.swift */; };
		72FB16B92BF22D1D007FED02 /* MeasurementDummy.swift in Sources */ = {isa = PBXBuildFile; fileRef = 72FB16B82BF22D1D007FED02 /* MeasurementDummy.swift */; };
/* End PBXBuildFile section */

/* Begin PBXContainerItemProxy section */
		72F4FF2C2BE8EE99005A90EC /* PBXContainerItemProxy */ = {
			isa = PBXContainerItemProxy;
			containerPortal = 72D8F8FC2BD8764500F26FB1 /* Project object */;
			proxyType = 1;
			remoteGlobalIDString = 72D8F9032BD8764500F26FB1;
			remoteInfo = AirQuality;
		};
/* End PBXContainerItemProxy section */

/* Begin PBXFileReference section */
		720FA9E42BF2D74500E3111A /* Param.swift */ = {isa = PBXFileReference; lastKnownFileType = sourcecode.swift; path = Param.swift; sourceTree = "<group>"; };
		720FA9E62BF36E4D00E3111A /* BundleDataSource.swift */ = {isa = PBXFileReference; lastKnownFileType = sourcecode.swift; path = BundleDataSource.swift; sourceTree = "<group>"; };
		720FA9E92BF36F0900E3111A /* BundleRepository.swift */ = {isa = PBXFileReference; lastKnownFileType = sourcecode.swift; path = BundleRepository.swift; sourceTree = "<group>"; };
		720FA9EB2BF3709000E3111A /* ParamBundleModel.swift */ = {isa = PBXFileReference; lastKnownFileType = sourcecode.swift; path = ParamBundleModel.swift; sourceTree = "<group>"; };
		720FA9ED2BF373AF00E3111A /* ParamBundleMapper.swift */ = {isa = PBXFileReference; lastKnownFileType = sourcecode.swift; path = ParamBundleMapper.swift; sourceTree = "<group>"; };
		720FA9F12BF3854200E3111A /* BundleFile.swift */ = {isa = PBXFileReference; lastKnownFileType = sourcecode.swift; path = BundleFile.swift; sourceTree = "<group>"; };
		722CC6D92BEA17F100A978C7 /* StationsNetworkMapper.swift */ = {isa = PBXFileReference; fileEncoding = 4; lastKnownFileType = sourcecode.swift; path = StationsNetworkMapper.swift; sourceTree = "<group>"; };
		722CC6DB2BEA17F100A978C7 /* StationNetworkModel.swift */ = {isa = PBXFileReference; fileEncoding = 4; lastKnownFileType = sourcecode.swift; path = StationNetworkModel.swift; sourceTree = "<group>"; };
		722CC6DD2BEA17F100A978C7 /* Endpoint.swift */ = {isa = PBXFileReference; fileEncoding = 4; lastKnownFileType = sourcecode.swift; path = Endpoint.swift; sourceTree = "<group>"; };
		722CC6DE2BEA17F100A978C7 /* GetStationsUseCase.swift */ = {isa = PBXFileReference; fileEncoding = 4; lastKnownFileType = sourcecode.swift; path = GetStationsUseCase.swift; sourceTree = "<group>"; };
		722CC6DF2BEA17F100A978C7 /* GIOSApiRepository.swift */ = {isa = PBXFileReference; fileEncoding = 4; lastKnownFileType = sourcecode.swift; path = GIOSApiRepository.swift; sourceTree = "<group>"; };
		722CC6E02BEA17F100A978C7 /* GIOSApiResponse.swift */ = {isa = PBXFileReference; fileEncoding = 4; lastKnownFileType = sourcecode.swift; path = GIOSApiResponse.swift; sourceTree = "<group>"; };
		722CC6E12BEA17F100A978C7 /* HTTPDataSource.swift */ = {isa = PBXFileReference; fileEncoding = 4; lastKnownFileType = sourcecode.swift; path = HTTPDataSource.swift; sourceTree = "<group>"; };
		722CC6E22BEA17F100A978C7 /* HTTPRequest.swift */ = {isa = PBXFileReference; fileEncoding = 4; lastKnownFileType = sourcecode.swift; path = HTTPRequest.swift; sourceTree = "<group>"; };
		722CC6E42BEA17F100A978C7 /* Station.swift */ = {isa = PBXFileReference; fileEncoding = 4; lastKnownFileType = sourcecode.swift; path = Station.swift; sourceTree = "<group>"; };
		722CC6E62BEA17F100A978C7 /* DependenciesContainer.swift */ = {isa = PBXFileReference; fileEncoding = 4; lastKnownFileType = sourcecode.swift; path = DependenciesContainer.swift; sourceTree = "<group>"; };
		722CC6F72BEA182B00A978C7 /* EmptyError.swift */ = {isa = PBXFileReference; fileEncoding = 4; lastKnownFileType = sourcecode.swift; path = EmptyError.swift; sourceTree = "<group>"; };
		722CC6F82BEA182B00A978C7 /* HTTPRequestTests.swift */ = {isa = PBXFileReference; fileEncoding = 4; lastKnownFileType = sourcecode.swift; path = HTTPRequestTests.swift; sourceTree = "<group>"; };
		722CC6F92BEA182B00A978C7 /* GIOSApiRepositoryTests.swift */ = {isa = PBXFileReference; fileEncoding = 4; lastKnownFileType = sourcecode.swift; path = GIOSApiRepositoryTests.swift; sourceTree = "<group>"; };
		722CC6FA2BEA182B00A978C7 /* HTTPDataStoreTests.swift */ = {isa = PBXFileReference; fileEncoding = 4; lastKnownFileType = sourcecode.swift; path = HTTPDataStoreTests.swift; sourceTree = "<group>"; };
		722CC6FC2BEA182B00A978C7 /* EndpointFake.swift */ = {isa = PBXFileReference; fileEncoding = 4; lastKnownFileType = sourcecode.swift; path = EndpointFake.swift; sourceTree = "<group>"; };
		722CC6FD2BEA182B00A978C7 /* ErrorDummy.swift */ = {isa = PBXFileReference; fileEncoding = 4; lastKnownFileType = sourcecode.swift; path = ErrorDummy.swift; sourceTree = "<group>"; };
		722CC6FE2BEA182B00A978C7 /* HTTPDataSourceMock.swift */ = {isa = PBXFileReference; fileEncoding = 4; lastKnownFileType = sourcecode.swift; path = HTTPDataSourceMock.swift; sourceTree = "<group>"; };
		725B51092BF0BC6A00273235 /* StationsListView.swift */ = {isa = PBXFileReference; fileEncoding = 4; lastKnownFileType = sourcecode.swift; path = StationsListView.swift; sourceTree = "<group>"; };
		725B510A2BF0BC6A00273235 /* StationsListViewModel.swift */ = {isa = PBXFileReference; fileEncoding = 4; lastKnownFileType = sourcecode.swift; path = StationsListViewModel.swift; sourceTree = "<group>"; };
		725B51142BF1130800273235 /* StationsListViewModel+PreviewDummy.swift */ = {isa = PBXFileReference; lastKnownFileType = sourcecode.swift; path = "StationsListViewModel+PreviewDummy.swift"; sourceTree = "<group>"; };
		726140E02BEE0B9F0027961C /* AppCoordinator.swift */ = {isa = PBXFileReference; lastKnownFileType = sourcecode.swift; path = AppCoordinator.swift; sourceTree = "<group>"; };
		726140EA2BEE5EE70027961C /* Stations.swift */ = {isa = PBXFileReference; lastKnownFileType = sourcecode.swift; path = Stations.swift; sourceTree = "<group>"; };
		726140EC2BEE5EEE0027961C /* Sensors.swift */ = {isa = PBXFileReference; lastKnownFileType = sourcecode.swift; path = Sensors.swift; sourceTree = "<group>"; };
		72ACEE992BF1162E009A4A93 /* StationPreviewDummy.swift */ = {isa = PBXFileReference; lastKnownFileType = sourcecode.swift; path = StationPreviewDummy.swift; sourceTree = "<group>"; };
		72C422AB2BEAA3DA0076F8F7 /* Development.xctestplan */ = {isa = PBXFileReference; lastKnownFileType = text; path = Development.xctestplan; sourceTree = "<group>"; };
		72CE02702BF41F9B0088F5F3 /* pl */ = {isa = PBXFileReference; lastKnownFileType = text.plist.strings; name = pl; path = pl.lproj/Localizable.strings; sourceTree = "<group>"; };
		72CE02712BF656470088F5F3 /* ParamDummy.swift */ = {isa = PBXFileReference; lastKnownFileType = sourcecode.swift; path = ParamDummy.swift; sourceTree = "<group>"; };
		72CE02732BF658280088F5F3 /* SensorDetailsContainerView.swift */ = {isa = PBXFileReference; lastKnownFileType = sourcecode.swift; path = SensorDetailsContainerView.swift; sourceTree = "<group>"; };
		72D8F9042BD8764500F26FB1 /* AirQuality.app */ = {isa = PBXFileReference; explicitFileType = wrapper.application; includeInIndex = 0; path = AirQuality.app; sourceTree = BUILT_PRODUCTS_DIR; };
		72D8F9072BD8764500F26FB1 /* AirQualityApp.swift */ = {isa = PBXFileReference; lastKnownFileType = sourcecode.swift; path = AirQualityApp.swift; sourceTree = "<group>"; };
		72D8F90B2BD8764600F26FB1 /* Assets.xcassets */ = {isa = PBXFileReference; lastKnownFileType = folder.assetcatalog; path = Assets.xcassets; sourceTree = "<group>"; };
		72D8F90E2BD8764600F26FB1 /* Preview Assets.xcassets */ = {isa = PBXFileReference; lastKnownFileType = folder.assetcatalog; path = "Preview Assets.xcassets"; sourceTree = "<group>"; };
		72D977AF2BF3D3D500703046 /* ParamsInfo.json */ = {isa = PBXFileReference; fileEncoding = 4; lastKnownFileType = text.json; path = ParamsInfo.json; sourceTree = "<group>"; };
		72E81FCB2BF119F100218BEA /* SelectedStationView.swift */ = {isa = PBXFileReference; fileEncoding = 4; lastKnownFileType = sourcecode.swift; path = SelectedStationView.swift; sourceTree = "<group>"; };
		72E81FCC2BF119F100218BEA /* SelectedStationViewModel.swift */ = {isa = PBXFileReference; fileEncoding = 4; lastKnownFileType = sourcecode.swift; path = SelectedStationViewModel.swift; sourceTree = "<group>"; };
		72E81FD02BF119FD00218BEA /* SensorsNetworkMapper.swift */ = {isa = PBXFileReference; fileEncoding = 4; lastKnownFileType = sourcecode.swift; path = SensorsNetworkMapper.swift; sourceTree = "<group>"; };
		72E81FD22BF11A0700218BEA /* SensorNetworkModel.swift */ = {isa = PBXFileReference; fileEncoding = 4; lastKnownFileType = sourcecode.swift; path = SensorNetworkModel.swift; sourceTree = "<group>"; };
		72E81FD42BF11A0C00218BEA /* GetSensorsUseCase.swift */ = {isa = PBXFileReference; fileEncoding = 4; lastKnownFileType = sourcecode.swift; path = GetSensorsUseCase.swift; sourceTree = "<group>"; };
		72E81FD62BF11A6A00218BEA /* GetStationsUseCaseTests.swift */ = {isa = PBXFileReference; lastKnownFileType = sourcecode.swift; path = GetStationsUseCaseTests.swift; sourceTree = "<group>"; };
		72E81FD82BF11AB300218BEA /* GIOSApiRepositorySpy.swift */ = {isa = PBXFileReference; lastKnownFileType = sourcecode.swift; path = GIOSApiRepositorySpy.swift; sourceTree = "<group>"; };
		72E81FDA2BF11C9200218BEA /* Sensor.swift */ = {isa = PBXFileReference; fileEncoding = 4; lastKnownFileType = sourcecode.swift; path = Sensor.swift; sourceTree = "<group>"; };
		72E81FDC2BF11D2400218BEA /* StationDummy.swift */ = {isa = PBXFileReference; lastKnownFileType = sourcecode.swift; path = StationDummy.swift; sourceTree = "<group>"; };
		72E81FDF2BF1268B00218BEA /* GetSensorsUseCaseTests.swift */ = {isa = PBXFileReference; lastKnownFileType = sourcecode.swift; path = GetSensorsUseCaseTests.swift; sourceTree = "<group>"; };
		72E81FE12BF127BD00218BEA /* SensorDummy.swift */ = {isa = PBXFileReference; lastKnownFileType = sourcecode.swift; path = SensorDummy.swift; sourceTree = "<group>"; };
		72E81FE42BF1306A00218BEA /* Injected.swift */ = {isa = PBXFileReference; lastKnownFileType = sourcecode.swift; path = Injected.swift; sourceTree = "<group>"; };
		72E81FE62BF1307B00218BEA /* AllDependencies.swift */ = {isa = PBXFileReference; lastKnownFileType = sourcecode.swift; path = AllDependencies.swift; sourceTree = "<group>"; };
		72E81FE82BF1308F00218BEA /* DependenciesContainerManager.swift */ = {isa = PBXFileReference; lastKnownFileType = sourcecode.swift; path = DependenciesContainerManager.swift; sourceTree = "<group>"; };
		72E81FEA2BF1627400218BEA /* BaseTestCase.swift */ = {isa = PBXFileReference; lastKnownFileType = sourcecode.swift; path = BaseTestCase.swift; sourceTree = "<group>"; };
		72E81FEC2BF1629300218BEA /* OptionalProtocol.swift */ = {isa = PBXFileReference; lastKnownFileType = sourcecode.swift; path = OptionalProtocol.swift; sourceTree = "<group>"; };
		72E81FF32BF168E500218BEA /* MapperProtocol.swift */ = {isa = PBXFileReference; lastKnownFileType = sourcecode.swift; path = MapperProtocol.swift; sourceTree = "<group>"; };
		72E81FF62BF16C2A00218BEA /* DependenciesContainerDummy.swift */ = {isa = PBXFileReference; lastKnownFileType = sourcecode.swift; path = DependenciesContainerDummy.swift; sourceTree = "<group>"; };
		72E81FF82BF171B400218BEA /* SensorPreviewDummy.swift */ = {isa = PBXFileReference; lastKnownFileType = sourcecode.swift; path = SensorPreviewDummy.swift; sourceTree = "<group>"; };
		72E81FFA2BF172D300218BEA /* SelectedStationViewModel+PreviewDummy.swift */ = {isa = PBXFileReference; lastKnownFileType = sourcecode.swift; path = "SelectedStationViewModel+PreviewDummy.swift"; sourceTree = "<group>"; };
		72E81FFE2BF1791E00218BEA /* Measurement.swift */ = {isa = PBXFileReference; lastKnownFileType = sourcecode.swift; path = Measurement.swift; sourceTree = "<group>"; };
		72E820002BF1799400218BEA /* Measurements.swift */ = {isa = PBXFileReference; lastKnownFileType = sourcecode.swift; path = Measurements.swift; sourceTree = "<group>"; };
		72E820022BF17A2F00218BEA /* MeasurementNetworkModel.swift */ = {isa = PBXFileReference; lastKnownFileType = sourcecode.swift; path = MeasurementNetworkModel.swift; sourceTree = "<group>"; };
		72E820042BF17AA400218BEA /* MeasurementsNetworkMapper.swift */ = {isa = PBXFileReference; lastKnownFileType = sourcecode.swift; path = MeasurementsNetworkMapper.swift; sourceTree = "<group>"; };
		72F4FF1B2BE8D0A6005A90EC /* Development.xcconfig */ = {isa = PBXFileReference; lastKnownFileType = text.xcconfig; path = Development.xcconfig; sourceTree = "<group>"; };
		72F4FF1D2BE8D140005A90EC /* Production.xcconfig */ = {isa = PBXFileReference; lastKnownFileType = text.xcconfig; path = Production.xcconfig; sourceTree = "<group>"; };
		72F4FF282BE8EE99005A90EC /* AirQualityTests.xctest */ = {isa = PBXFileReference; explicitFileType = wrapper.cfbundle; includeInIndex = 0; path = AirQualityTests.xctest; sourceTree = BUILT_PRODUCTS_DIR; };
		72FB16AC2BF1FDFB007FED02 /* Logger.swift */ = {isa = PBXFileReference; lastKnownFileType = sourcecode.swift; path = Logger.swift; sourceTree = "<group>"; };
		72FB16AE2BF20AC8007FED02 /* SelectedStationModel.swift */ = {isa = PBXFileReference; lastKnownFileType = sourcecode.swift; path = SelectedStationModel.swift; sourceTree = "<group>"; };
		72FB16B02BF2295C007FED02 /* SelectedStationViewModelTests.swift */ = {isa = PBXFileReference; lastKnownFileType = sourcecode.swift; path = SelectedStationViewModelTests.swift; sourceTree = "<group>"; };
		72FB16B42BF22B20007FED02 /* GetSensorsUseCaseSpy.swift */ = {isa = PBXFileReference; lastKnownFileType = sourcecode.swift; path = GetSensorsUseCaseSpy.swift; sourceTree = "<group>"; };
		72FB16B82BF22D1D007FED02 /* MeasurementDummy.swift */ = {isa = PBXFileReference; lastKnownFileType = sourcecode.swift; path = MeasurementDummy.swift; sourceTree = "<group>"; };
/* End PBXFileReference section */

/* Begin PBXFrameworksBuildPhase section */
		72D8F9012BD8764500F26FB1 /* Frameworks */ = {
			isa = PBXFrameworksBuildPhase;
			buildActionMask = 2147483647;
			files = (
				726140D92BEB88FD0027961C /* Alamofire in Frameworks */,
			);
			runOnlyForDeploymentPostprocessing = 0;
		};
		72F4FF252BE8EE99005A90EC /* Frameworks */ = {
			isa = PBXFrameworksBuildPhase;
			buildActionMask = 2147483647;
			files = (
			);
			runOnlyForDeploymentPostprocessing = 0;
		};
/* End PBXFrameworksBuildPhase section */

/* Begin PBXGroup section */
		720FA9DC2BF2C48E00E3111A /* DataSources */ = {
			isa = PBXGroup;
			children = (
				720FA9E82BF36E5200E3111A /* Bundle */,
				722CC6E32BEA17F100A978C7 /* Networking */,
			);
			path = DataSources;
			sourceTree = "<group>";
		};
		720FA9DD2BF2C49C00E3111A /* Presentation */ = {
			isa = PBXGroup;
			children = (
				726140E02BEE0B9F0027961C /* AppCoordinator.swift */,
				726140DE2BEC21BA0027961C /* MVVM */,
			);
			path = Presentation;
			sourceTree = "<group>";
		};
		720FA9DE2BF2C4B400E3111A /* Domain */ = {
			isa = PBXGroup;
			children = (
				722CC6E52BEA17F100A978C7 /* Models */,
				726140F22BEE61450027961C /* UseCases */,
			);
			path = Domain;
			sourceTree = "<group>";
		};
		720FA9E82BF36E5200E3111A /* Bundle */ = {
			isa = PBXGroup;
			children = (
				720FA9E62BF36E4D00E3111A /* BundleDataSource.swift */,
				720FA9E92BF36F0900E3111A /* BundleRepository.swift */,
				720FA9ED2BF373AF00E3111A /* ParamBundleMapper.swift */,
				720FA9EB2BF3709000E3111A /* ParamBundleModel.swift */,
				720FA9F12BF3854200E3111A /* BundleFile.swift */,
			);
			path = Bundle;
			sourceTree = "<group>";
		};
		722CC6DA2BEA17F100A978C7 /* Mappers */ = {
			isa = PBXGroup;
			children = (
				72E81FD02BF119FD00218BEA /* SensorsNetworkMapper.swift */,
				722CC6D92BEA17F100A978C7 /* StationsNetworkMapper.swift */,
				72E820042BF17AA400218BEA /* MeasurementsNetworkMapper.swift */,
			);
			path = Mappers;
			sourceTree = "<group>";
		};
		722CC6DC2BEA17F100A978C7 /* Models */ = {
			isa = PBXGroup;
			children = (
				722CC6DB2BEA17F100A978C7 /* StationNetworkModel.swift */,
				72E81FD22BF11A0700218BEA /* SensorNetworkModel.swift */,
				72E820022BF17A2F00218BEA /* MeasurementNetworkModel.swift */,
			);
			path = Models;
			sourceTree = "<group>";
		};
		722CC6E32BEA17F100A978C7 /* Networking */ = {
			isa = PBXGroup;
			children = (
				722CC6DA2BEA17F100A978C7 /* Mappers */,
				722CC6DC2BEA17F100A978C7 /* Models */,
				726140E92BEE5EDA0027961C /* Endpoints */,
				722CC6DF2BEA17F100A978C7 /* GIOSApiRepository.swift */,
				722CC6E02BEA17F100A978C7 /* GIOSApiResponse.swift */,
				722CC6E12BEA17F100A978C7 /* HTTPDataSource.swift */,
				722CC6E22BEA17F100A978C7 /* HTTPRequest.swift */,
			);
			path = Networking;
			sourceTree = "<group>";
		};
		722CC6E52BEA17F100A978C7 /* Models */ = {
			isa = PBXGroup;
			children = (
				722CC6E42BEA17F100A978C7 /* Station.swift */,
				72E81FDA2BF11C9200218BEA /* Sensor.swift */,
				72E81FFE2BF1791E00218BEA /* Measurement.swift */,
				720FA9E42BF2D74500E3111A /* Param.swift */,
			);
			path = Models;
			sourceTree = "<group>";
		};
		722CC6E72BEA17F100A978C7 /* Utilites */ = {
			isa = PBXGroup;
			children = (
				72E81FE32BF1305E00218BEA /* DependencyInjection */,
				72FB16AC2BF1FDFB007FED02 /* Logger.swift */,
			);
			path = Utilites;
			sourceTree = "<group>";
		};
		722CC6FB2BEA182B00A978C7 /* DataSourceLayer */ = {
			isa = PBXGroup;
			children = (
				722CC6F82BEA182B00A978C7 /* HTTPRequestTests.swift */,
				722CC6F92BEA182B00A978C7 /* GIOSApiRepositoryTests.swift */,
				722CC6FA2BEA182B00A978C7 /* HTTPDataStoreTests.swift */,
			);
			path = DataSourceLayer;
			sourceTree = "<group>";
		};
		722CC6FF2BEA182B00A978C7 /* Helpers */ = {
			isa = PBXGroup;
			children = (
				722CC6F72BEA182B00A978C7 /* EmptyError.swift */,
				72E81FEC2BF1629300218BEA /* OptionalProtocol.swift */,
				72E81FEA2BF1627400218BEA /* BaseTestCase.swift */,
			);
			path = Helpers;
			sourceTree = "<group>";
		};
		725B510B2BF0BC6A00273235 /* StationsList */ = {
			isa = PBXGroup;
			children = (
				725B51092BF0BC6A00273235 /* StationsListView.swift */,
				725B510A2BF0BC6A00273235 /* StationsListViewModel.swift */,
			);
			path = StationsList;
			sourceTree = "<group>";
		};
		726140DE2BEC21BA0027961C /* MVVM */ = {
			isa = PBXGroup;
			children = (
				725B510B2BF0BC6A00273235 /* StationsList */,
				72CE02752BF6582C0088F5F3 /* SensorDetails */,
				72E81FCD2BF119F100218BEA /* SelectedStation */,
			);
			path = MVVM;
			sourceTree = "<group>";
		};
		726140E92BEE5EDA0027961C /* Endpoints */ = {
			isa = PBXGroup;
			children = (
				722CC6DD2BEA17F100A978C7 /* Endpoint.swift */,
				726140EA2BEE5EE70027961C /* Stations.swift */,
				726140EC2BEE5EEE0027961C /* Sensors.swift */,
				72E820002BF1799400218BEA /* Measurements.swift */,
			);
			path = Endpoints;
			sourceTree = "<group>";
		};
		726140F22BEE61450027961C /* UseCases */ = {
			isa = PBXGroup;
			children = (
				72E81FD42BF11A0C00218BEA /* GetSensorsUseCase.swift */,
				722CC6DE2BEA17F100A978C7 /* GetStationsUseCase.swift */,
			);
			path = UseCases;
			sourceTree = "<group>";
		};
		72ACEE9B2BF1163D009A4A93 /* Models */ = {
			isa = PBXGroup;
			children = (
				72ACEE992BF1162E009A4A93 /* StationPreviewDummy.swift */,
				72E81FF82BF171B400218BEA /* SensorPreviewDummy.swift */,
			);
			path = Models;
			sourceTree = "<group>";
		};
		72ACEE9C2BF11646009A4A93 /* ViewModels */ = {
			isa = PBXGroup;
			children = (
				725B51142BF1130800273235 /* StationsListViewModel+PreviewDummy.swift */,
				72E81FFA2BF172D300218BEA /* SelectedStationViewModel+PreviewDummy.swift */,
			);
			path = ViewModels;
			sourceTree = "<group>";
		};
		72CE02752BF6582C0088F5F3 /* SensorDetails */ = {
			isa = PBXGroup;
			children = (
				72CE02732BF658280088F5F3 /* SensorDetailsContainerView.swift */,
			);
			path = SensorDetails;
			sourceTree = "<group>";
		};
		72D8F8FB2BD8764500F26FB1 = {
			isa = PBXGroup;
			children = (
				72CE026D2BF41F950088F5F3 /* Localizable.strings */,
				72C422AB2BEAA3DA0076F8F7 /* Development.xctestplan */,
				72D8F9062BD8764500F26FB1 /* AirQuality */,
				72F4FF292BE8EE99005A90EC /* AirQualityTests */,
				72D8F9052BD8764500F26FB1 /* Products */,
			);
			sourceTree = "<group>";
		};
		72D8F9052BD8764500F26FB1 /* Products */ = {
			isa = PBXGroup;
			children = (
				72D8F9042BD8764500F26FB1 /* AirQuality.app */,
				72F4FF282BE8EE99005A90EC /* AirQualityTests.xctest */,
			);
			name = Products;
			sourceTree = "<group>";
		};
		72D8F9062BD8764500F26FB1 /* AirQuality */ = {
			isa = PBXGroup;
			children = (
				72D977AF2BF3D3D500703046 /* ParamsInfo.json */,
				72D8F9072BD8764500F26FB1 /* AirQualityApp.swift */,
				72D8F90B2BD8764600F26FB1 /* Assets.xcassets */,
				72D8F90D2BD8764600F26FB1 /* Preview Content */,
				72F4FF1F2BE8D1C6005A90EC /* ConfigurationFiles */,
				72E81FF52BF168F100218BEA /* Protocols */,
				720FA9DD2BF2C49C00E3111A /* Presentation */,
				720FA9DE2BF2C4B400E3111A /* Domain */,
				720FA9DC2BF2C48E00E3111A /* DataSources */,
				722CC6E72BEA17F100A978C7 /* Utilites */,
			);
			path = AirQuality;
			sourceTree = "<group>";
		};
		72D8F90D2BD8764600F26FB1 /* Preview Content */ = {
			isa = PBXGroup;
			children = (
				72D8F90E2BD8764600F26FB1 /* Preview Assets.xcassets */,
				72ACEE9C2BF11646009A4A93 /* ViewModels */,
				72ACEE9B2BF1163D009A4A93 /* Models */,
			);
			path = "Preview Content";
			sourceTree = "<group>";
		};
		72E81FCD2BF119F100218BEA /* SelectedStation */ = {
			isa = PBXGroup;
			children = (
				72E81FCB2BF119F100218BEA /* SelectedStationView.swift */,
				72E81FCC2BF119F100218BEA /* SelectedStationViewModel.swift */,
				72FB16AE2BF20AC8007FED02 /* SelectedStationModel.swift */,
			);
			path = SelectedStation;
			sourceTree = "<group>";
		};
		72E81FE32BF1305E00218BEA /* DependencyInjection */ = {
			isa = PBXGroup;
			children = (
				722CC6E62BEA17F100A978C7 /* DependenciesContainer.swift */,
				72E81FE82BF1308F00218BEA /* DependenciesContainerManager.swift */,
				72E81FE42BF1306A00218BEA /* Injected.swift */,
				72E81FE62BF1307B00218BEA /* AllDependencies.swift */,
			);
			path = DependencyInjection;
			sourceTree = "<group>";
		};
		72E81FEE2BF162C400218BEA /* Mocks */ = {
			isa = PBXGroup;
			children = (
				722CC6FC2BEA182B00A978C7 /* EndpointFake.swift */,
				722CC6FD2BEA182B00A978C7 /* ErrorDummy.swift */,
				722CC6FE2BEA182B00A978C7 /* HTTPDataSourceMock.swift */,
				72E81FD82BF11AB300218BEA /* GIOSApiRepositorySpy.swift */,
				72E81FDC2BF11D2400218BEA /* StationDummy.swift */,
				72E81FE12BF127BD00218BEA /* SensorDummy.swift */,
				72CE02712BF656470088F5F3 /* ParamDummy.swift */,
				72FB16B82BF22D1D007FED02 /* MeasurementDummy.swift */,
				72E81FF62BF16C2A00218BEA /* DependenciesContainerDummy.swift */,
				72FB16B42BF22B20007FED02 /* GetSensorsUseCaseSpy.swift */,
			);
			path = Mocks;
			sourceTree = "<group>";
		};
		72E81FF52BF168F100218BEA /* Protocols */ = {
			isa = PBXGroup;
			children = (
				72E81FF32BF168E500218BEA /* MapperProtocol.swift */,
			);
			path = Protocols;
			sourceTree = "<group>";
		};
		72F4FF1F2BE8D1C6005A90EC /* ConfigurationFiles */ = {
			isa = PBXGroup;
			children = (
				72F4FF1B2BE8D0A6005A90EC /* Development.xcconfig */,
				72F4FF1D2BE8D140005A90EC /* Production.xcconfig */,
			);
			path = ConfigurationFiles;
			sourceTree = "<group>";
		};
		72F4FF292BE8EE99005A90EC /* AirQualityTests */ = {
			isa = PBXGroup;
			children = (
				722CC6FF2BEA182B00A978C7 /* Helpers */,
				72E81FEE2BF162C400218BEA /* Mocks */,
				72FB16B32BF22A3C007FED02 /* DomainLayer */,
				722CC6FB2BEA182B00A978C7 /* DataSourceLayer */,
				72FB16B22BF22A2B007FED02 /* PresentationLayer */,
			);
			path = AirQualityTests;
			sourceTree = "<group>";
		};
		72FB16B22BF22A2B007FED02 /* PresentationLayer */ = {
			isa = PBXGroup;
			children = (
				72FB16B02BF2295C007FED02 /* SelectedStationViewModelTests.swift */,
			);
			path = PresentationLayer;
			sourceTree = "<group>";
		};
		72FB16B32BF22A3C007FED02 /* DomainLayer */ = {
			isa = PBXGroup;
			children = (
				72E81FD62BF11A6A00218BEA /* GetStationsUseCaseTests.swift */,
				72E81FDF2BF1268B00218BEA /* GetSensorsUseCaseTests.swift */,
			);
			path = DomainLayer;
			sourceTree = "<group>";
		};
/* End PBXGroup section */

/* Begin PBXNativeTarget section */
		72D8F9032BD8764500F26FB1 /* AirQuality */ = {
			isa = PBXNativeTarget;
			buildConfigurationList = 72D8F9122BD8764600F26FB1 /* Build configuration list for PBXNativeTarget "AirQuality" */;
			buildPhases = (
				72D8F9022BD8764500F26FB1 /* Resources */,
				72D8F9002BD8764500F26FB1 /* Sources */,
				72D8F9012BD8764500F26FB1 /* Frameworks */,
				72F4FF332BE8EFCE005A90EC /* SwiftLint */,
			);
			buildRules = (
			);
			dependencies = (
			);
			name = AirQuality;
			packageProductDependencies = (
				726140D82BEB88FD0027961C /* Alamofire */,
			);
			productName = AirQuality;
			productReference = 72D8F9042BD8764500F26FB1 /* AirQuality.app */;
			productType = "com.apple.product-type.application";
		};
		72F4FF272BE8EE99005A90EC /* AirQualityTests */ = {
			isa = PBXNativeTarget;
			buildConfigurationList = 72F4FF2E2BE8EE99005A90EC /* Build configuration list for PBXNativeTarget "AirQualityTests" */;
			buildPhases = (
				72F4FF242BE8EE99005A90EC /* Sources */,
				72F4FF252BE8EE99005A90EC /* Frameworks */,
				72F4FF262BE8EE99005A90EC /* Resources */,
			);
			buildRules = (
			);
			dependencies = (
				72F4FF2D2BE8EE99005A90EC /* PBXTargetDependency */,
			);
			name = AirQualityTests;
			productName = AirQualityTests;
			productReference = 72F4FF282BE8EE99005A90EC /* AirQualityTests.xctest */;
			productType = "com.apple.product-type.bundle.unit-test";
		};
/* End PBXNativeTarget section */

/* Begin PBXProject section */
		72D8F8FC2BD8764500F26FB1 /* Project object */ = {
			isa = PBXProject;
			attributes = {
				BuildIndependentTargetsInParallel = 1;
				LastSwiftUpdateCheck = 1530;
				LastUpgradeCheck = 1530;
				TargetAttributes = {
					72D8F9032BD8764500F26FB1 = {
						CreatedOnToolsVersion = 15.3;
					};
					72F4FF272BE8EE99005A90EC = {
						CreatedOnToolsVersion = 15.3;
						TestTargetID = 72D8F9032BD8764500F26FB1;
					};
				};
			};
			buildConfigurationList = 72D8F8FF2BD8764500F26FB1 /* Build configuration list for PBXProject "AirQuality" */;
			compatibilityVersion = "Xcode 14.0";
			developmentRegion = pl;
			hasScannedForEncodings = 0;
			knownRegions = (
				Base,
				pl,
			);
			mainGroup = 72D8F8FB2BD8764500F26FB1;
			packageReferences = (
				726140D72BEB88FD0027961C /* XCRemoteSwiftPackageReference "Alamofire" */,
			);
			productRefGroup = 72D8F9052BD8764500F26FB1 /* Products */;
			projectDirPath = "";
			projectRoot = "";
			targets = (
				72D8F9032BD8764500F26FB1 /* AirQuality */,
				72F4FF272BE8EE99005A90EC /* AirQualityTests */,
			);
		};
/* End PBXProject section */

/* Begin PBXResourcesBuildPhase section */
		72D8F9022BD8764500F26FB1 /* Resources */ = {
			isa = PBXResourcesBuildPhase;
			buildActionMask = 2147483647;
			files = (
				72F4FF1C2BE8D0A6005A90EC /* Development.xcconfig in Resources */,
				72CE026F2BF41F950088F5F3 /* Localizable.strings in Resources */,
				72F4FF1E2BE8D140005A90EC /* Production.xcconfig in Resources */,
				72D8F90F2BD8764600F26FB1 /* Preview Assets.xcassets in Resources */,
				72D977B02BF3D3D500703046 /* ParamsInfo.json in Resources */,
				72D8F90C2BD8764600F26FB1 /* Assets.xcassets in Resources */,
			);
			runOnlyForDeploymentPostprocessing = 0;
		};
		72F4FF262BE8EE99005A90EC /* Resources */ = {
			isa = PBXResourcesBuildPhase;
			buildActionMask = 2147483647;
			files = (
			);
			runOnlyForDeploymentPostprocessing = 0;
		};
/* End PBXResourcesBuildPhase section */

/* Begin PBXShellScriptBuildPhase section */
		72F4FF332BE8EFCE005A90EC /* SwiftLint */ = {
			isa = PBXShellScriptBuildPhase;
			alwaysOutOfDate = 1;
			buildActionMask = 12;
			files = (
			);
			inputFileListPaths = (
			);
			inputPaths = (
			);
			name = SwiftLint;
			outputFileListPaths = (
			);
			outputPaths = (
			);
			runOnlyForDeploymentPostprocessing = 0;
			shellPath = /bin/sh;
			shellScript = "./scripts/swiftlint.sh\n";
		};
/* End PBXShellScriptBuildPhase section */

/* Begin PBXSourcesBuildPhase section */
		72D8F9002BD8764500F26FB1 /* Sources */ = {
			isa = PBXSourcesBuildPhase;
			buildActionMask = 2147483647;
			files = (
				72ACEE972BF115C4009A4A93 /* StationsListViewModel+PreviewDummy.swift in Sources */,
				72ACEE982BF115C4009A4A93 /* StationsListView.swift in Sources */,
				72E81FF92BF171B400218BEA /* SensorPreviewDummy.swift in Sources */,
				720FA9E72BF36E4D00E3111A /* BundleDataSource.swift in Sources */,
				722CC6E92BEA17F100A978C7 /* StationNetworkModel.swift in Sources */,
				72CE02742BF658280088F5F3 /* SensorDetailsContainerView.swift in Sources */,
				72ACEE9A2BF1162E009A4A93 /* StationPreviewDummy.swift in Sources */,
				72E820032BF17A2F00218BEA /* MeasurementNetworkModel.swift in Sources */,
				72D8F9082BD8764500F26FB1 /* AirQualityApp.swift in Sources */,
				72E81FE92BF1308F00218BEA /* DependenciesContainerManager.swift in Sources */,
				72E81FDE2BF1247800218BEA /* Sensors.swift in Sources */,
				720FA9EA2BF36F0900E3111A /* BundleRepository.swift in Sources */,
				722CC6ED2BEA17F100A978C7 /* GIOSApiResponse.swift in Sources */,
				725B510D2BF0BC6A00273235 /* StationsListViewModel.swift in Sources */,
				722CC6F12BEA17F100A978C7 /* DependenciesContainer.swift in Sources */,
				722CC6E82BEA17F100A978C7 /* StationsNetworkMapper.swift in Sources */,
				72E81FD32BF11A0700218BEA /* SensorNetworkModel.swift in Sources */,
				720FA9EE2BF373AF00E3111A /* ParamBundleMapper.swift in Sources */,
				722CC6EA2BEA17F100A978C7 /* Endpoint.swift in Sources */,
				720FA9F22BF3854200E3111A /* BundleFile.swift in Sources */,
				72E81FF42BF168E500218BEA /* MapperProtocol.swift in Sources */,
				726140EB2BEE5EE70027961C /* Stations.swift in Sources */,
				722CC6EB2BEA17F100A978C7 /* GetStationsUseCase.swift in Sources */,
				720FA9EC2BF3709000E3111A /* ParamBundleModel.swift in Sources */,
				722CC6EF2BEA17F100A978C7 /* HTTPRequest.swift in Sources */,
				72E81FFF2BF1791E00218BEA /* Measurement.swift in Sources */,
				72E81FD12BF119FD00218BEA /* SensorsNetworkMapper.swift in Sources */,
				72E820052BF17AA400218BEA /* MeasurementsNetworkMapper.swift in Sources */,
				722CC6F02BEA17F100A978C7 /* Station.swift in Sources */,
				72E81FCF2BF119F100218BEA /* SelectedStationViewModel.swift in Sources */,
				726140E12BEE0B9F0027961C /* AppCoordinator.swift in Sources */,
				72E81FD52BF11A0C00218BEA /* GetSensorsUseCase.swift in Sources */,
				72E81FE52BF1306A00218BEA /* Injected.swift in Sources */,
				72E81FFB2BF172D300218BEA /* SelectedStationViewModel+PreviewDummy.swift in Sources */,
				722CC6EE2BEA17F100A978C7 /* HTTPDataSource.swift in Sources */,
				720FA9E52BF2D74500E3111A /* Param.swift in Sources */,
				72E81FCE2BF119F100218BEA /* SelectedStationView.swift in Sources */,
				72E820012BF1799400218BEA /* Measurements.swift in Sources */,
				72FB16AD2BF1FDFB007FED02 /* Logger.swift in Sources */,
				72E81FDB2BF11C9200218BEA /* Sensor.swift in Sources */,
				72FB16AF2BF20AC8007FED02 /* SelectedStationModel.swift in Sources */,
				72E81FE72BF1307B00218BEA /* AllDependencies.swift in Sources */,
				722CC6EC2BEA17F100A978C7 /* GIOSApiRepository.swift in Sources */,
			);
			runOnlyForDeploymentPostprocessing = 0;
		};
		72F4FF242BE8EE99005A90EC /* Sources */ = {
			isa = PBXSourcesBuildPhase;
			buildActionMask = 2147483647;
			files = (
				72FB16B12BF2295C007FED02 /* SelectedStationViewModelTests.swift in Sources */,
				722CC7072BEA182B00A978C7 /* HTTPDataSourceMock.swift in Sources */,
				72E81FD72BF11A6A00218BEA /* GetStationsUseCaseTests.swift in Sources */,
				72E81FE22BF127BD00218BEA /* SensorDummy.swift in Sources */,
				72E81FE02BF1268B00218BEA /* GetSensorsUseCaseTests.swift in Sources */,
				72CE02722BF656470088F5F3 /* ParamDummy.swift in Sources */,
				722CC7012BEA182B00A978C7 /* EmptyError.swift in Sources */,
				722CC7062BEA182B00A978C7 /* ErrorDummy.swift in Sources */,
				722CC7032BEA182B00A978C7 /* GIOSApiRepositoryTests.swift in Sources */,
				722CC7022BEA182B00A978C7 /* HTTPRequestTests.swift in Sources */,
				72E81FD92BF11AB400218BEA /* GIOSApiRepositorySpy.swift in Sources */,
				72FB16B52BF22B20007FED02 /* GetSensorsUseCaseSpy.swift in Sources */,
				72FB16B92BF22D1D007FED02 /* MeasurementDummy.swift in Sources */,
				72E81FDD2BF11D2400218BEA /* StationDummy.swift in Sources */,
				722CC7042BEA182B00A978C7 /* HTTPDataStoreTests.swift in Sources */,
				72E81FEB2BF1627400218BEA /* BaseTestCase.swift in Sources */,
				722CC7052BEA182B00A978C7 /* EndpointFake.swift in Sources */,
				72E81FED2BF1629300218BEA /* OptionalProtocol.swift in Sources */,
				72E81FF72BF16C2A00218BEA /* DependenciesContainerDummy.swift in Sources */,
			);
			runOnlyForDeploymentPostprocessing = 0;
		};
/* End PBXSourcesBuildPhase section */

/* Begin PBXTargetDependency section */
		72F4FF2D2BE8EE99005A90EC /* PBXTargetDependency */ = {
			isa = PBXTargetDependency;
			target = 72D8F9032BD8764500F26FB1 /* AirQuality */;
			targetProxy = 72F4FF2C2BE8EE99005A90EC /* PBXContainerItemProxy */;
		};
/* End PBXTargetDependency section */

/* Begin PBXVariantGroup section */
		72CE026D2BF41F950088F5F3 /* Localizable.strings */ = {
			isa = PBXVariantGroup;
			children = (
				72CE02702BF41F9B0088F5F3 /* pl */,
			);
			name = Localizable.strings;
			sourceTree = "<group>";
		};
/* End PBXVariantGroup section */

/* Begin XCBuildConfiguration section */
		72CE90102BE8F2C900339EC2 /* Tests */ = {
			isa = XCBuildConfiguration;
			baseConfigurationReference = 72F4FF1B2BE8D0A6005A90EC /* Development.xcconfig */;
			buildSettings = {
				ALWAYS_SEARCH_USER_PATHS = NO;
				ASSETCATALOG_COMPILER_GENERATE_SWIFT_ASSET_SYMBOL_EXTENSIONS = YES;
				CLANG_ANALYZER_NONNULL = YES;
				CLANG_ANALYZER_NUMBER_OBJECT_CONVERSION = YES_AGGRESSIVE;
				CLANG_CXX_LANGUAGE_STANDARD = "gnu++20";
				CLANG_ENABLE_MODULES = YES;
				CLANG_ENABLE_OBJC_ARC = YES;
				CLANG_ENABLE_OBJC_WEAK = YES;
				CLANG_WARN_BLOCK_CAPTURE_AUTORELEASING = YES;
				CLANG_WARN_BOOL_CONVERSION = YES;
				CLANG_WARN_COMMA = YES;
				CLANG_WARN_CONSTANT_CONVERSION = YES;
				CLANG_WARN_DEPRECATED_OBJC_IMPLEMENTATIONS = YES;
				CLANG_WARN_DIRECT_OBJC_ISA_USAGE = YES_ERROR;
				CLANG_WARN_DOCUMENTATION_COMMENTS = YES;
				CLANG_WARN_EMPTY_BODY = YES;
				CLANG_WARN_ENUM_CONVERSION = YES;
				CLANG_WARN_INFINITE_RECURSION = YES;
				CLANG_WARN_INT_CONVERSION = YES;
				CLANG_WARN_NON_LITERAL_NULL_CONVERSION = YES;
				CLANG_WARN_OBJC_IMPLICIT_RETAIN_SELF = YES;
				CLANG_WARN_OBJC_LITERAL_CONVERSION = YES;
				CLANG_WARN_OBJC_ROOT_CLASS = YES_ERROR;
				CLANG_WARN_QUOTED_INCLUDE_IN_FRAMEWORK_HEADER = YES;
				CLANG_WARN_RANGE_LOOP_ANALYSIS = YES;
				CLANG_WARN_STRICT_PROTOTYPES = YES;
				CLANG_WARN_SUSPICIOUS_MOVE = YES;
				CLANG_WARN_UNGUARDED_AVAILABILITY = YES_AGGRESSIVE;
				CLANG_WARN_UNREACHABLE_CODE = YES;
				CLANG_WARN__DUPLICATE_METHOD_MATCH = YES;
				COPY_PHASE_STRIP = NO;
				DEBUG_INFORMATION_FORMAT = dwarf;
				ENABLE_STRICT_OBJC_MSGSEND = YES;
				ENABLE_TESTABILITY = YES;
				ENABLE_USER_SCRIPT_SANDBOXING = YES;
				GCC_C_LANGUAGE_STANDARD = gnu17;
				GCC_DYNAMIC_NO_PIC = NO;
				GCC_NO_COMMON_BLOCKS = YES;
				GCC_OPTIMIZATION_LEVEL = 0;
				GCC_PREPROCESSOR_DEFINITIONS = (
					"DEBUG=1",
					"$(inherited)",
				);
				GCC_WARN_64_TO_32_BIT_CONVERSION = YES;
				GCC_WARN_ABOUT_RETURN_TYPE = YES_ERROR;
				GCC_WARN_UNDECLARED_SELECTOR = YES;
				GCC_WARN_UNINITIALIZED_AUTOS = YES_AGGRESSIVE;
				GCC_WARN_UNUSED_FUNCTION = YES;
				GCC_WARN_UNUSED_VARIABLE = YES;
				IPHONEOS_DEPLOYMENT_TARGET = 16.0;
				LOCALIZATION_PREFERS_STRING_CATALOGS = YES;
				MTL_ENABLE_DEBUG_INFO = INCLUDE_SOURCE;
				MTL_FAST_MATH = YES;
				ONLY_ACTIVE_ARCH = YES;
				SDKROOT = iphoneos;
				SWIFT_ACTIVE_COMPILATION_CONDITIONS = "DEBUG $(inherited)";
				SWIFT_OPTIMIZATION_LEVEL = "-Onone";
				SWIFT_STRICT_CONCURRENCY = targeted;
			};
			name = Tests;
		};
		72CE90112BE8F2C900339EC2 /* Tests */ = {
			isa = XCBuildConfiguration;
			baseConfigurationReference = 72F4FF1B2BE8D0A6005A90EC /* Development.xcconfig */;
			buildSettings = {
				ASSETCATALOG_COMPILER_APPICON_NAME = AppIcon;
				ASSETCATALOG_COMPILER_GLOBAL_ACCENT_COLOR_NAME = AccentColor;
				CODE_SIGN_STYLE = Automatic;
				CURRENT_PROJECT_VERSION = 1;
				DEVELOPMENT_ASSET_PATHS = "\"AirQuality/Preview Content\"";
				ENABLE_PREVIEWS = YES;
				ENABLE_USER_SCRIPT_SANDBOXING = NO;
				GENERATE_INFOPLIST_FILE = YES;
				INFOPLIST_KEY_UIApplicationSceneManifest_Generation = YES;
				INFOPLIST_KEY_UIApplicationSupportsIndirectInputEvents = YES;
				INFOPLIST_KEY_UILaunchScreen_Generation = YES;
				INFOPLIST_KEY_UISupportedInterfaceOrientations_iPad = "UIInterfaceOrientationPortrait UIInterfaceOrientationPortraitUpsideDown UIInterfaceOrientationLandscapeLeft UIInterfaceOrientationLandscapeRight";
				INFOPLIST_KEY_UISupportedInterfaceOrientations_iPhone = "UIInterfaceOrientationPortrait UIInterfaceOrientationLandscapeLeft UIInterfaceOrientationLandscapeRight";
				LD_RUNPATH_SEARCH_PATHS = (
					"$(inherited)",
					"@executable_path/Frameworks",
				);
				MARKETING_VERSION = 1.0;
				PRODUCT_BUNDLE_IDENTIFIER = com.tomkuk.AirQuality;
				PRODUCT_NAME = "$(TARGET_NAME)";
				SUPPORTED_PLATFORMS = "iphoneos iphonesimulator";
				SUPPORTS_MACCATALYST = NO;
				SUPPORTS_MAC_DESIGNED_FOR_IPHONE_IPAD = NO;
				SUPPORTS_XR_DESIGNED_FOR_IPHONE_IPAD = NO;
				SWIFT_EMIT_LOC_STRINGS = YES;
				SWIFT_STRICT_CONCURRENCY = minimal;
				SWIFT_VERSION = 5.0;
				TARGETED_DEVICE_FAMILY = 1;
			};
			name = Tests;
		};
		72CE90122BE8F2C900339EC2 /* Tests */ = {
			isa = XCBuildConfiguration;
			buildSettings = {
				ALWAYS_SEARCH_USER_PATHS = NO;
				ASSETCATALOG_COMPILER_GENERATE_SWIFT_ASSET_SYMBOL_EXTENSIONS = YES;
				BUNDLE_LOADER = "$(TEST_HOST)";
				CLANG_ANALYZER_NONNULL = YES;
				CLANG_ANALYZER_NUMBER_OBJECT_CONVERSION = YES_AGGRESSIVE;
				CLANG_CXX_LANGUAGE_STANDARD = "gnu++20";
				CLANG_ENABLE_MODULES = YES;
				CLANG_ENABLE_OBJC_ARC = YES;
				CLANG_ENABLE_OBJC_WEAK = YES;
				CLANG_WARN_BLOCK_CAPTURE_AUTORELEASING = YES;
				CLANG_WARN_BOOL_CONVERSION = YES;
				CLANG_WARN_COMMA = YES;
				CLANG_WARN_CONSTANT_CONVERSION = YES;
				CLANG_WARN_DEPRECATED_OBJC_IMPLEMENTATIONS = YES;
				CLANG_WARN_DIRECT_OBJC_ISA_USAGE = YES_ERROR;
				CLANG_WARN_DOCUMENTATION_COMMENTS = YES;
				CLANG_WARN_EMPTY_BODY = YES;
				CLANG_WARN_ENUM_CONVERSION = YES;
				CLANG_WARN_INFINITE_RECURSION = YES;
				CLANG_WARN_INT_CONVERSION = YES;
				CLANG_WARN_NON_LITERAL_NULL_CONVERSION = YES;
				CLANG_WARN_OBJC_IMPLICIT_RETAIN_SELF = YES;
				CLANG_WARN_OBJC_LITERAL_CONVERSION = YES;
				CLANG_WARN_OBJC_ROOT_CLASS = YES_ERROR;
				CLANG_WARN_QUOTED_INCLUDE_IN_FRAMEWORK_HEADER = YES;
				CLANG_WARN_RANGE_LOOP_ANALYSIS = YES;
				CLANG_WARN_STRICT_PROTOTYPES = YES;
				CLANG_WARN_SUSPICIOUS_MOVE = YES;
				CLANG_WARN_UNGUARDED_AVAILABILITY = YES_AGGRESSIVE;
				CLANG_WARN_UNREACHABLE_CODE = YES;
				CLANG_WARN__DUPLICATE_METHOD_MATCH = YES;
				CODE_SIGN_STYLE = Automatic;
				COPY_PHASE_STRIP = NO;
				CURRENT_PROJECT_VERSION = 1;
				DEBUG_INFORMATION_FORMAT = dwarf;
				ENABLE_STRICT_OBJC_MSGSEND = YES;
				ENABLE_TESTABILITY = YES;
				ENABLE_USER_SCRIPT_SANDBOXING = NO;
				GCC_C_LANGUAGE_STANDARD = gnu17;
				GCC_DYNAMIC_NO_PIC = NO;
				GCC_NO_COMMON_BLOCKS = YES;
				GCC_OPTIMIZATION_LEVEL = 0;
				GCC_PREPROCESSOR_DEFINITIONS = (
					"DEBUG=1",
					"$(inherited)",
				);
				GCC_WARN_64_TO_32_BIT_CONVERSION = YES;
				GCC_WARN_ABOUT_RETURN_TYPE = YES_ERROR;
				GCC_WARN_UNDECLARED_SELECTOR = YES;
				GCC_WARN_UNINITIALIZED_AUTOS = YES_AGGRESSIVE;
				GCC_WARN_UNUSED_FUNCTION = YES;
				GCC_WARN_UNUSED_VARIABLE = YES;
				GENERATE_INFOPLIST_FILE = YES;
				IPHONEOS_DEPLOYMENT_TARGET = 16.0;
				LOCALIZATION_PREFERS_STRING_CATALOGS = YES;
				MARKETING_VERSION = 1.0;
				MTL_ENABLE_DEBUG_INFO = INCLUDE_SOURCE;
				MTL_FAST_MATH = YES;
				ONLY_ACTIVE_ARCH = YES;
				PRODUCT_BUNDLE_IDENTIFIER = com.tomkuk.AirQualityTests;
				PRODUCT_NAME = "$(TARGET_NAME)";
				SDKROOT = iphoneos;
				SUPPORTED_PLATFORMS = "iphoneos iphonesimulator";
				SUPPORTS_MACCATALYST = NO;
				SUPPORTS_MAC_DESIGNED_FOR_IPHONE_IPAD = NO;
				SUPPORTS_XR_DESIGNED_FOR_IPHONE_IPAD = NO;
				SWIFT_ACTIVE_COMPILATION_CONDITIONS = "DEBUG $(inherited)";
				SWIFT_EMIT_LOC_STRINGS = NO;
				SWIFT_OPTIMIZATION_LEVEL = "-Onone";
				SWIFT_VERSION = 5.0;
				TARGETED_DEVICE_FAMILY = 1;
				TEST_HOST = "$(BUILT_PRODUCTS_DIR)/AirQuality.app/$(BUNDLE_EXECUTABLE_FOLDER_PATH)/AirQuality";
			};
			name = Tests;
		};
		72D8F9102BD8764600F26FB1 /* Production-Debug */ = {
			isa = XCBuildConfiguration;
			baseConfigurationReference = 72F4FF1D2BE8D140005A90EC /* Production.xcconfig */;
			buildSettings = {
				ALWAYS_SEARCH_USER_PATHS = NO;
				ASSETCATALOG_COMPILER_GENERATE_SWIFT_ASSET_SYMBOL_EXTENSIONS = YES;
				CLANG_ANALYZER_NONNULL = YES;
				CLANG_ANALYZER_NUMBER_OBJECT_CONVERSION = YES_AGGRESSIVE;
				CLANG_CXX_LANGUAGE_STANDARD = "gnu++20";
				CLANG_ENABLE_MODULES = YES;
				CLANG_ENABLE_OBJC_ARC = YES;
				CLANG_ENABLE_OBJC_WEAK = YES;
				CLANG_WARN_BLOCK_CAPTURE_AUTORELEASING = YES;
				CLANG_WARN_BOOL_CONVERSION = YES;
				CLANG_WARN_COMMA = YES;
				CLANG_WARN_CONSTANT_CONVERSION = YES;
				CLANG_WARN_DEPRECATED_OBJC_IMPLEMENTATIONS = YES;
				CLANG_WARN_DIRECT_OBJC_ISA_USAGE = YES_ERROR;
				CLANG_WARN_DOCUMENTATION_COMMENTS = YES;
				CLANG_WARN_EMPTY_BODY = YES;
				CLANG_WARN_ENUM_CONVERSION = YES;
				CLANG_WARN_INFINITE_RECURSION = YES;
				CLANG_WARN_INT_CONVERSION = YES;
				CLANG_WARN_NON_LITERAL_NULL_CONVERSION = YES;
				CLANG_WARN_OBJC_IMPLICIT_RETAIN_SELF = YES;
				CLANG_WARN_OBJC_LITERAL_CONVERSION = YES;
				CLANG_WARN_OBJC_ROOT_CLASS = YES_ERROR;
				CLANG_WARN_QUOTED_INCLUDE_IN_FRAMEWORK_HEADER = YES;
				CLANG_WARN_RANGE_LOOP_ANALYSIS = YES;
				CLANG_WARN_STRICT_PROTOTYPES = YES;
				CLANG_WARN_SUSPICIOUS_MOVE = YES;
				CLANG_WARN_UNGUARDED_AVAILABILITY = YES_AGGRESSIVE;
				CLANG_WARN_UNREACHABLE_CODE = YES;
				CLANG_WARN__DUPLICATE_METHOD_MATCH = YES;
				COPY_PHASE_STRIP = NO;
				DEBUG_INFORMATION_FORMAT = dwarf;
				ENABLE_STRICT_OBJC_MSGSEND = YES;
				ENABLE_TESTABILITY = YES;
				ENABLE_USER_SCRIPT_SANDBOXING = YES;
				GCC_C_LANGUAGE_STANDARD = gnu17;
				GCC_DYNAMIC_NO_PIC = NO;
				GCC_NO_COMMON_BLOCKS = YES;
				GCC_OPTIMIZATION_LEVEL = 0;
				GCC_PREPROCESSOR_DEFINITIONS = (
					"DEBUG=1",
					"$(inherited)",
				);
				GCC_WARN_64_TO_32_BIT_CONVERSION = YES;
				GCC_WARN_ABOUT_RETURN_TYPE = YES_ERROR;
				GCC_WARN_UNDECLARED_SELECTOR = YES;
				GCC_WARN_UNINITIALIZED_AUTOS = YES_AGGRESSIVE;
				GCC_WARN_UNUSED_FUNCTION = YES;
				GCC_WARN_UNUSED_VARIABLE = YES;
				IPHONEOS_DEPLOYMENT_TARGET = 16.0;
				LOCALIZATION_PREFERS_STRING_CATALOGS = YES;
				MTL_ENABLE_DEBUG_INFO = INCLUDE_SOURCE;
				MTL_FAST_MATH = YES;
				ONLY_ACTIVE_ARCH = YES;
				SDKROOT = iphoneos;
				SWIFT_ACTIVE_COMPILATION_CONDITIONS = "DEBUG $(inherited)";
				SWIFT_OPTIMIZATION_LEVEL = "-Onone";
				SWIFT_STRICT_CONCURRENCY = complete;
			};
			name = "Production-Debug";
		};
		72D8F9112BD8764600F26FB1 /* Development-Release */ = {
			isa = XCBuildConfiguration;
			baseConfigurationReference = 72F4FF1B2BE8D0A6005A90EC /* Development.xcconfig */;
			buildSettings = {
				ALWAYS_SEARCH_USER_PATHS = NO;
				ASSETCATALOG_COMPILER_GENERATE_SWIFT_ASSET_SYMBOL_EXTENSIONS = YES;
				CLANG_ANALYZER_NONNULL = YES;
				CLANG_ANALYZER_NUMBER_OBJECT_CONVERSION = YES_AGGRESSIVE;
				CLANG_CXX_LANGUAGE_STANDARD = "gnu++20";
				CLANG_ENABLE_MODULES = YES;
				CLANG_ENABLE_OBJC_ARC = YES;
				CLANG_ENABLE_OBJC_WEAK = YES;
				CLANG_WARN_BLOCK_CAPTURE_AUTORELEASING = YES;
				CLANG_WARN_BOOL_CONVERSION = YES;
				CLANG_WARN_COMMA = YES;
				CLANG_WARN_CONSTANT_CONVERSION = YES;
				CLANG_WARN_DEPRECATED_OBJC_IMPLEMENTATIONS = YES;
				CLANG_WARN_DIRECT_OBJC_ISA_USAGE = YES_ERROR;
				CLANG_WARN_DOCUMENTATION_COMMENTS = YES;
				CLANG_WARN_EMPTY_BODY = YES;
				CLANG_WARN_ENUM_CONVERSION = YES;
				CLANG_WARN_INFINITE_RECURSION = YES;
				CLANG_WARN_INT_CONVERSION = YES;
				CLANG_WARN_NON_LITERAL_NULL_CONVERSION = YES;
				CLANG_WARN_OBJC_IMPLICIT_RETAIN_SELF = YES;
				CLANG_WARN_OBJC_LITERAL_CONVERSION = YES;
				CLANG_WARN_OBJC_ROOT_CLASS = YES_ERROR;
				CLANG_WARN_QUOTED_INCLUDE_IN_FRAMEWORK_HEADER = YES;
				CLANG_WARN_RANGE_LOOP_ANALYSIS = YES;
				CLANG_WARN_STRICT_PROTOTYPES = YES;
				CLANG_WARN_SUSPICIOUS_MOVE = YES;
				CLANG_WARN_UNGUARDED_AVAILABILITY = YES_AGGRESSIVE;
				CLANG_WARN_UNREACHABLE_CODE = YES;
				CLANG_WARN__DUPLICATE_METHOD_MATCH = YES;
				COPY_PHASE_STRIP = NO;
				DEBUG_INFORMATION_FORMAT = "dwarf-with-dsym";
				ENABLE_NS_ASSERTIONS = NO;
				ENABLE_STRICT_OBJC_MSGSEND = YES;
				ENABLE_USER_SCRIPT_SANDBOXING = YES;
				GCC_C_LANGUAGE_STANDARD = gnu17;
				GCC_NO_COMMON_BLOCKS = YES;
				GCC_WARN_64_TO_32_BIT_CONVERSION = YES;
				GCC_WARN_ABOUT_RETURN_TYPE = YES_ERROR;
				GCC_WARN_UNDECLARED_SELECTOR = YES;
				GCC_WARN_UNINITIALIZED_AUTOS = YES_AGGRESSIVE;
				GCC_WARN_UNUSED_FUNCTION = YES;
				GCC_WARN_UNUSED_VARIABLE = YES;
				IPHONEOS_DEPLOYMENT_TARGET = 16.0;
				LOCALIZATION_PREFERS_STRING_CATALOGS = YES;
				MTL_ENABLE_DEBUG_INFO = NO;
				MTL_FAST_MATH = YES;
				SDKROOT = iphoneos;
				SWIFT_COMPILATION_MODE = wholemodule;
				SWIFT_STRICT_CONCURRENCY = complete;
				VALIDATE_PRODUCT = YES;
			};
			name = "Development-Release";
		};
		72D8F9132BD8764600F26FB1 /* Production-Debug */ = {
			isa = XCBuildConfiguration;
			baseConfigurationReference = 72F4FF1D2BE8D140005A90EC /* Production.xcconfig */;
			buildSettings = {
				ASSETCATALOG_COMPILER_APPICON_NAME = AppIcon;
				ASSETCATALOG_COMPILER_GLOBAL_ACCENT_COLOR_NAME = AccentColor;
				CODE_SIGN_STYLE = Automatic;
				CURRENT_PROJECT_VERSION = 1;
				DEVELOPMENT_ASSET_PATHS = "\"AirQuality/Preview Content\"";
				ENABLE_PREVIEWS = YES;
				ENABLE_USER_SCRIPT_SANDBOXING = NO;
				GENERATE_INFOPLIST_FILE = YES;
				INFOPLIST_KEY_UIApplicationSceneManifest_Generation = YES;
				INFOPLIST_KEY_UIApplicationSupportsIndirectInputEvents = YES;
				INFOPLIST_KEY_UILaunchScreen_Generation = YES;
				INFOPLIST_KEY_UISupportedInterfaceOrientations_iPad = "UIInterfaceOrientationPortrait UIInterfaceOrientationPortraitUpsideDown UIInterfaceOrientationLandscapeLeft UIInterfaceOrientationLandscapeRight";
				INFOPLIST_KEY_UISupportedInterfaceOrientations_iPhone = "UIInterfaceOrientationPortrait UIInterfaceOrientationLandscapeLeft UIInterfaceOrientationLandscapeRight";
				LD_RUNPATH_SEARCH_PATHS = (
					"$(inherited)",
					"@executable_path/Frameworks",
				);
				MARKETING_VERSION = 1.0;
				PRODUCT_BUNDLE_IDENTIFIER = com.tomkuk.AirQuality;
				PRODUCT_NAME = "$(TARGET_NAME)";
				SUPPORTED_PLATFORMS = "iphoneos iphonesimulator";
				SUPPORTS_MACCATALYST = NO;
				SUPPORTS_MAC_DESIGNED_FOR_IPHONE_IPAD = NO;
				SUPPORTS_XR_DESIGNED_FOR_IPHONE_IPAD = NO;
				SWIFT_EMIT_LOC_STRINGS = YES;
				SWIFT_VERSION = 5.0;
				TARGETED_DEVICE_FAMILY = 1;
			};
			name = "Production-Debug";
		};
		72D8F9142BD8764600F26FB1 /* Development-Release */ = {
			isa = XCBuildConfiguration;
			baseConfigurationReference = 72F4FF1B2BE8D0A6005A90EC /* Development.xcconfig */;
			buildSettings = {
				ASSETCATALOG_COMPILER_APPICON_NAME = AppIcon;
				ASSETCATALOG_COMPILER_GLOBAL_ACCENT_COLOR_NAME = AccentColor;
				CODE_SIGN_STYLE = Automatic;
				CURRENT_PROJECT_VERSION = 1;
				DEVELOPMENT_ASSET_PATHS = "\"AirQuality/Preview Content\"";
				ENABLE_PREVIEWS = YES;
				ENABLE_USER_SCRIPT_SANDBOXING = NO;
				GENERATE_INFOPLIST_FILE = YES;
				INFOPLIST_KEY_UIApplicationSceneManifest_Generation = YES;
				INFOPLIST_KEY_UIApplicationSupportsIndirectInputEvents = YES;
				INFOPLIST_KEY_UILaunchScreen_Generation = YES;
				INFOPLIST_KEY_UISupportedInterfaceOrientations_iPad = "UIInterfaceOrientationPortrait UIInterfaceOrientationPortraitUpsideDown UIInterfaceOrientationLandscapeLeft UIInterfaceOrientationLandscapeRight";
				INFOPLIST_KEY_UISupportedInterfaceOrientations_iPhone = "UIInterfaceOrientationPortrait UIInterfaceOrientationLandscapeLeft UIInterfaceOrientationLandscapeRight";
				LD_RUNPATH_SEARCH_PATHS = (
					"$(inherited)",
					"@executable_path/Frameworks",
				);
				MARKETING_VERSION = 1.0;
				PRODUCT_BUNDLE_IDENTIFIER = com.tomkuk.AirQuality;
				PRODUCT_NAME = "$(TARGET_NAME)";
				SUPPORTED_PLATFORMS = "iphoneos iphonesimulator";
				SUPPORTS_MACCATALYST = NO;
				SUPPORTS_MAC_DESIGNED_FOR_IPHONE_IPAD = NO;
				SUPPORTS_XR_DESIGNED_FOR_IPHONE_IPAD = NO;
				SWIFT_EMIT_LOC_STRINGS = YES;
				SWIFT_VERSION = 5.0;
				TARGETED_DEVICE_FAMILY = 1;
			};
			name = "Development-Release";
		};
		72F4FF202BE8D225005A90EC /* Development-Debug */ = {
			isa = XCBuildConfiguration;
			baseConfigurationReference = 72F4FF1B2BE8D0A6005A90EC /* Development.xcconfig */;
			buildSettings = {
				ALWAYS_SEARCH_USER_PATHS = NO;
				ASSETCATALOG_COMPILER_GENERATE_SWIFT_ASSET_SYMBOL_EXTENSIONS = YES;
				CLANG_ANALYZER_NONNULL = YES;
				CLANG_ANALYZER_NUMBER_OBJECT_CONVERSION = YES_AGGRESSIVE;
				CLANG_CXX_LANGUAGE_STANDARD = "gnu++20";
				CLANG_ENABLE_MODULES = YES;
				CLANG_ENABLE_OBJC_ARC = YES;
				CLANG_ENABLE_OBJC_WEAK = YES;
				CLANG_WARN_BLOCK_CAPTURE_AUTORELEASING = YES;
				CLANG_WARN_BOOL_CONVERSION = YES;
				CLANG_WARN_COMMA = YES;
				CLANG_WARN_CONSTANT_CONVERSION = YES;
				CLANG_WARN_DEPRECATED_OBJC_IMPLEMENTATIONS = YES;
				CLANG_WARN_DIRECT_OBJC_ISA_USAGE = YES_ERROR;
				CLANG_WARN_DOCUMENTATION_COMMENTS = YES;
				CLANG_WARN_EMPTY_BODY = YES;
				CLANG_WARN_ENUM_CONVERSION = YES;
				CLANG_WARN_INFINITE_RECURSION = YES;
				CLANG_WARN_INT_CONVERSION = YES;
				CLANG_WARN_NON_LITERAL_NULL_CONVERSION = YES;
				CLANG_WARN_OBJC_IMPLICIT_RETAIN_SELF = YES;
				CLANG_WARN_OBJC_LITERAL_CONVERSION = YES;
				CLANG_WARN_OBJC_ROOT_CLASS = YES_ERROR;
				CLANG_WARN_QUOTED_INCLUDE_IN_FRAMEWORK_HEADER = YES;
				CLANG_WARN_RANGE_LOOP_ANALYSIS = YES;
				CLANG_WARN_STRICT_PROTOTYPES = YES;
				CLANG_WARN_SUSPICIOUS_MOVE = YES;
				CLANG_WARN_UNGUARDED_AVAILABILITY = YES_AGGRESSIVE;
				CLANG_WARN_UNREACHABLE_CODE = YES;
				CLANG_WARN__DUPLICATE_METHOD_MATCH = YES;
				COPY_PHASE_STRIP = NO;
				DEBUG_INFORMATION_FORMAT = dwarf;
				ENABLE_STRICT_OBJC_MSGSEND = YES;
				ENABLE_TESTABILITY = YES;
				ENABLE_USER_SCRIPT_SANDBOXING = YES;
				GCC_C_LANGUAGE_STANDARD = gnu17;
				GCC_DYNAMIC_NO_PIC = NO;
				GCC_NO_COMMON_BLOCKS = YES;
				GCC_OPTIMIZATION_LEVEL = 0;
				GCC_PREPROCESSOR_DEFINITIONS = (
					"DEBUG=1",
					"$(inherited)",
				);
				GCC_WARN_64_TO_32_BIT_CONVERSION = YES;
				GCC_WARN_ABOUT_RETURN_TYPE = YES_ERROR;
				GCC_WARN_UNDECLARED_SELECTOR = YES;
				GCC_WARN_UNINITIALIZED_AUTOS = YES_AGGRESSIVE;
				GCC_WARN_UNUSED_FUNCTION = YES;
				GCC_WARN_UNUSED_VARIABLE = YES;
				IPHONEOS_DEPLOYMENT_TARGET = 16.0;
				LOCALIZATION_PREFERS_STRING_CATALOGS = YES;
				MTL_ENABLE_DEBUG_INFO = INCLUDE_SOURCE;
				MTL_FAST_MATH = YES;
				ONLY_ACTIVE_ARCH = YES;
				SDKROOT = iphoneos;
				SWIFT_ACTIVE_COMPILATION_CONDITIONS = "DEBUG $(inherited)";
				SWIFT_OPTIMIZATION_LEVEL = "-Onone";
				SWIFT_STRICT_CONCURRENCY = complete;
			};
			name = "Development-Debug";
		};
		72F4FF212BE8D225005A90EC /* Development-Debug */ = {
			isa = XCBuildConfiguration;
			baseConfigurationReference = 72F4FF1B2BE8D0A6005A90EC /* Development.xcconfig */;
			buildSettings = {
				ASSETCATALOG_COMPILER_APPICON_NAME = AppIcon;
				ASSETCATALOG_COMPILER_GLOBAL_ACCENT_COLOR_NAME = AccentColor;
				CODE_SIGN_STYLE = Automatic;
				CURRENT_PROJECT_VERSION = 1;
				DEVELOPMENT_ASSET_PATHS = "\"AirQuality/Preview Content\"";
				ENABLE_PREVIEWS = YES;
				ENABLE_USER_SCRIPT_SANDBOXING = NO;
				GENERATE_INFOPLIST_FILE = YES;
				INFOPLIST_KEY_UIApplicationSceneManifest_Generation = YES;
				INFOPLIST_KEY_UIApplicationSupportsIndirectInputEvents = YES;
				INFOPLIST_KEY_UILaunchScreen_Generation = YES;
				INFOPLIST_KEY_UISupportedInterfaceOrientations_iPad = "UIInterfaceOrientationPortrait UIInterfaceOrientationPortraitUpsideDown UIInterfaceOrientationLandscapeLeft UIInterfaceOrientationLandscapeRight";
				INFOPLIST_KEY_UISupportedInterfaceOrientations_iPhone = "UIInterfaceOrientationPortrait UIInterfaceOrientationLandscapeLeft UIInterfaceOrientationLandscapeRight";
				LD_RUNPATH_SEARCH_PATHS = (
					"$(inherited)",
					"@executable_path/Frameworks",
				);
				MARKETING_VERSION = 1.0;
				PRODUCT_BUNDLE_IDENTIFIER = com.tomkuk.AirQuality;
				PRODUCT_NAME = "$(TARGET_NAME)";
				SUPPORTED_PLATFORMS = "iphoneos iphonesimulator";
				SUPPORTS_MACCATALYST = NO;
				SUPPORTS_MAC_DESIGNED_FOR_IPHONE_IPAD = NO;
				SUPPORTS_XR_DESIGNED_FOR_IPHONE_IPAD = NO;
				SWIFT_EMIT_LOC_STRINGS = YES;
				SWIFT_VERSION = 5.0;
				TARGETED_DEVICE_FAMILY = 1;
			};
			name = "Development-Debug";
		};
		72F4FF222BE8D242005A90EC /* Production-Release */ = {
			isa = XCBuildConfiguration;
			baseConfigurationReference = 72F4FF1D2BE8D140005A90EC /* Production.xcconfig */;
			buildSettings = {
				ALWAYS_SEARCH_USER_PATHS = NO;
				ASSETCATALOG_COMPILER_GENERATE_SWIFT_ASSET_SYMBOL_EXTENSIONS = YES;
				CLANG_ANALYZER_NONNULL = YES;
				CLANG_ANALYZER_NUMBER_OBJECT_CONVERSION = YES_AGGRESSIVE;
				CLANG_CXX_LANGUAGE_STANDARD = "gnu++20";
				CLANG_ENABLE_MODULES = YES;
				CLANG_ENABLE_OBJC_ARC = YES;
				CLANG_ENABLE_OBJC_WEAK = YES;
				CLANG_WARN_BLOCK_CAPTURE_AUTORELEASING = YES;
				CLANG_WARN_BOOL_CONVERSION = YES;
				CLANG_WARN_COMMA = YES;
				CLANG_WARN_CONSTANT_CONVERSION = YES;
				CLANG_WARN_DEPRECATED_OBJC_IMPLEMENTATIONS = YES;
				CLANG_WARN_DIRECT_OBJC_ISA_USAGE = YES_ERROR;
				CLANG_WARN_DOCUMENTATION_COMMENTS = YES;
				CLANG_WARN_EMPTY_BODY = YES;
				CLANG_WARN_ENUM_CONVERSION = YES;
				CLANG_WARN_INFINITE_RECURSION = YES;
				CLANG_WARN_INT_CONVERSION = YES;
				CLANG_WARN_NON_LITERAL_NULL_CONVERSION = YES;
				CLANG_WARN_OBJC_IMPLICIT_RETAIN_SELF = YES;
				CLANG_WARN_OBJC_LITERAL_CONVERSION = YES;
				CLANG_WARN_OBJC_ROOT_CLASS = YES_ERROR;
				CLANG_WARN_QUOTED_INCLUDE_IN_FRAMEWORK_HEADER = YES;
				CLANG_WARN_RANGE_LOOP_ANALYSIS = YES;
				CLANG_WARN_STRICT_PROTOTYPES = YES;
				CLANG_WARN_SUSPICIOUS_MOVE = YES;
				CLANG_WARN_UNGUARDED_AVAILABILITY = YES_AGGRESSIVE;
				CLANG_WARN_UNREACHABLE_CODE = YES;
				CLANG_WARN__DUPLICATE_METHOD_MATCH = YES;
				COPY_PHASE_STRIP = NO;
				DEBUG_INFORMATION_FORMAT = "dwarf-with-dsym";
				ENABLE_NS_ASSERTIONS = NO;
				ENABLE_STRICT_OBJC_MSGSEND = YES;
				ENABLE_USER_SCRIPT_SANDBOXING = YES;
				GCC_C_LANGUAGE_STANDARD = gnu17;
				GCC_NO_COMMON_BLOCKS = YES;
				GCC_WARN_64_TO_32_BIT_CONVERSION = YES;
				GCC_WARN_ABOUT_RETURN_TYPE = YES_ERROR;
				GCC_WARN_UNDECLARED_SELECTOR = YES;
				GCC_WARN_UNINITIALIZED_AUTOS = YES_AGGRESSIVE;
				GCC_WARN_UNUSED_FUNCTION = YES;
				GCC_WARN_UNUSED_VARIABLE = YES;
				IPHONEOS_DEPLOYMENT_TARGET = 16.0;
				LOCALIZATION_PREFERS_STRING_CATALOGS = YES;
				MTL_ENABLE_DEBUG_INFO = NO;
				MTL_FAST_MATH = YES;
				SDKROOT = iphoneos;
				SWIFT_COMPILATION_MODE = wholemodule;
				SWIFT_STRICT_CONCURRENCY = complete;
				VALIDATE_PRODUCT = YES;
			};
			name = "Production-Release";
		};
		72F4FF232BE8D242005A90EC /* Production-Release */ = {
			isa = XCBuildConfiguration;
			baseConfigurationReference = 72F4FF1D2BE8D140005A90EC /* Production.xcconfig */;
			buildSettings = {
				ASSETCATALOG_COMPILER_APPICON_NAME = AppIcon;
				ASSETCATALOG_COMPILER_GLOBAL_ACCENT_COLOR_NAME = AccentColor;
				CODE_SIGN_STYLE = Automatic;
				CURRENT_PROJECT_VERSION = 1;
				DEVELOPMENT_ASSET_PATHS = "\"AirQuality/Preview Content\"";
				ENABLE_PREVIEWS = YES;
				ENABLE_USER_SCRIPT_SANDBOXING = NO;
				GENERATE_INFOPLIST_FILE = YES;
				INFOPLIST_KEY_UIApplicationSceneManifest_Generation = YES;
				INFOPLIST_KEY_UIApplicationSupportsIndirectInputEvents = YES;
				INFOPLIST_KEY_UILaunchScreen_Generation = YES;
				INFOPLIST_KEY_UISupportedInterfaceOrientations_iPad = "UIInterfaceOrientationPortrait UIInterfaceOrientationPortraitUpsideDown UIInterfaceOrientationLandscapeLeft UIInterfaceOrientationLandscapeRight";
				INFOPLIST_KEY_UISupportedInterfaceOrientations_iPhone = "UIInterfaceOrientationPortrait UIInterfaceOrientationLandscapeLeft UIInterfaceOrientationLandscapeRight";
				LD_RUNPATH_SEARCH_PATHS = (
					"$(inherited)",
					"@executable_path/Frameworks",
				);
				MARKETING_VERSION = 1.0;
				PRODUCT_BUNDLE_IDENTIFIER = com.tomkuk.AirQuality;
				PRODUCT_NAME = "$(TARGET_NAME)";
				SUPPORTED_PLATFORMS = "iphoneos iphonesimulator";
				SUPPORTS_MACCATALYST = NO;
				SUPPORTS_MAC_DESIGNED_FOR_IPHONE_IPAD = NO;
				SUPPORTS_XR_DESIGNED_FOR_IPHONE_IPAD = NO;
				SWIFT_EMIT_LOC_STRINGS = YES;
				SWIFT_VERSION = 5.0;
				TARGETED_DEVICE_FAMILY = 1;
			};
			name = "Production-Release";
		};
		72F4FF2F2BE8EE99005A90EC /* Production-Debug */ = {
			isa = XCBuildConfiguration;
			buildSettings = {
				ALWAYS_SEARCH_USER_PATHS = NO;
				ASSETCATALOG_COMPILER_GENERATE_SWIFT_ASSET_SYMBOL_EXTENSIONS = YES;
				BUNDLE_LOADER = "$(TEST_HOST)";
				CLANG_ANALYZER_NONNULL = YES;
				CLANG_ANALYZER_NUMBER_OBJECT_CONVERSION = YES_AGGRESSIVE;
				CLANG_CXX_LANGUAGE_STANDARD = "gnu++20";
				CLANG_ENABLE_MODULES = YES;
				CLANG_ENABLE_OBJC_ARC = YES;
				CLANG_ENABLE_OBJC_WEAK = YES;
				CLANG_WARN_BLOCK_CAPTURE_AUTORELEASING = YES;
				CLANG_WARN_BOOL_CONVERSION = YES;
				CLANG_WARN_COMMA = YES;
				CLANG_WARN_CONSTANT_CONVERSION = YES;
				CLANG_WARN_DEPRECATED_OBJC_IMPLEMENTATIONS = YES;
				CLANG_WARN_DIRECT_OBJC_ISA_USAGE = YES_ERROR;
				CLANG_WARN_DOCUMENTATION_COMMENTS = YES;
				CLANG_WARN_EMPTY_BODY = YES;
				CLANG_WARN_ENUM_CONVERSION = YES;
				CLANG_WARN_INFINITE_RECURSION = YES;
				CLANG_WARN_INT_CONVERSION = YES;
				CLANG_WARN_NON_LITERAL_NULL_CONVERSION = YES;
				CLANG_WARN_OBJC_IMPLICIT_RETAIN_SELF = YES;
				CLANG_WARN_OBJC_LITERAL_CONVERSION = YES;
				CLANG_WARN_OBJC_ROOT_CLASS = YES_ERROR;
				CLANG_WARN_QUOTED_INCLUDE_IN_FRAMEWORK_HEADER = YES;
				CLANG_WARN_RANGE_LOOP_ANALYSIS = YES;
				CLANG_WARN_STRICT_PROTOTYPES = YES;
				CLANG_WARN_SUSPICIOUS_MOVE = YES;
				CLANG_WARN_UNGUARDED_AVAILABILITY = YES_AGGRESSIVE;
				CLANG_WARN_UNREACHABLE_CODE = YES;
				CLANG_WARN__DUPLICATE_METHOD_MATCH = YES;
				CODE_SIGN_STYLE = Automatic;
				COPY_PHASE_STRIP = NO;
				CURRENT_PROJECT_VERSION = 1;
				DEBUG_INFORMATION_FORMAT = dwarf;
				ENABLE_STRICT_OBJC_MSGSEND = YES;
				ENABLE_TESTABILITY = YES;
				ENABLE_USER_SCRIPT_SANDBOXING = NO;
				GCC_C_LANGUAGE_STANDARD = gnu17;
				GCC_DYNAMIC_NO_PIC = NO;
				GCC_NO_COMMON_BLOCKS = YES;
				GCC_OPTIMIZATION_LEVEL = 0;
				GCC_PREPROCESSOR_DEFINITIONS = (
					"DEBUG=1",
					"$(inherited)",
				);
				GCC_WARN_64_TO_32_BIT_CONVERSION = YES;
				GCC_WARN_ABOUT_RETURN_TYPE = YES_ERROR;
				GCC_WARN_UNDECLARED_SELECTOR = YES;
				GCC_WARN_UNINITIALIZED_AUTOS = YES_AGGRESSIVE;
				GCC_WARN_UNUSED_FUNCTION = YES;
				GCC_WARN_UNUSED_VARIABLE = YES;
				GENERATE_INFOPLIST_FILE = YES;
				IPHONEOS_DEPLOYMENT_TARGET = 16.0;
				LOCALIZATION_PREFERS_STRING_CATALOGS = YES;
				MARKETING_VERSION = 1.0;
				MTL_ENABLE_DEBUG_INFO = INCLUDE_SOURCE;
				MTL_FAST_MATH = YES;
				ONLY_ACTIVE_ARCH = YES;
				PRODUCT_BUNDLE_IDENTIFIER = com.tomkuk.AirQualityTests;
				PRODUCT_NAME = "$(TARGET_NAME)";
				SDKROOT = iphoneos;
				SUPPORTED_PLATFORMS = "iphoneos iphonesimulator";
				SUPPORTS_MACCATALYST = NO;
				SUPPORTS_MAC_DESIGNED_FOR_IPHONE_IPAD = NO;
				SUPPORTS_XR_DESIGNED_FOR_IPHONE_IPAD = NO;
				SWIFT_ACTIVE_COMPILATION_CONDITIONS = "DEBUG $(inherited)";
				SWIFT_EMIT_LOC_STRINGS = NO;
				SWIFT_OPTIMIZATION_LEVEL = "-Onone";
				SWIFT_VERSION = 5.0;
				TARGETED_DEVICE_FAMILY = 1;
				TEST_HOST = "$(BUILT_PRODUCTS_DIR)/AirQuality.app/$(BUNDLE_EXECUTABLE_FOLDER_PATH)/AirQuality";
			};
			name = "Production-Debug";
		};
		72F4FF302BE8EE99005A90EC /* Development-Debug */ = {
			isa = XCBuildConfiguration;
			buildSettings = {
				ALWAYS_SEARCH_USER_PATHS = NO;
				ASSETCATALOG_COMPILER_GENERATE_SWIFT_ASSET_SYMBOL_EXTENSIONS = YES;
				BUNDLE_LOADER = "$(TEST_HOST)";
				CLANG_ANALYZER_NONNULL = YES;
				CLANG_ANALYZER_NUMBER_OBJECT_CONVERSION = YES_AGGRESSIVE;
				CLANG_CXX_LANGUAGE_STANDARD = "gnu++20";
				CLANG_ENABLE_MODULES = YES;
				CLANG_ENABLE_OBJC_ARC = YES;
				CLANG_ENABLE_OBJC_WEAK = YES;
				CLANG_WARN_BLOCK_CAPTURE_AUTORELEASING = YES;
				CLANG_WARN_BOOL_CONVERSION = YES;
				CLANG_WARN_COMMA = YES;
				CLANG_WARN_CONSTANT_CONVERSION = YES;
				CLANG_WARN_DEPRECATED_OBJC_IMPLEMENTATIONS = YES;
				CLANG_WARN_DIRECT_OBJC_ISA_USAGE = YES_ERROR;
				CLANG_WARN_DOCUMENTATION_COMMENTS = YES;
				CLANG_WARN_EMPTY_BODY = YES;
				CLANG_WARN_ENUM_CONVERSION = YES;
				CLANG_WARN_INFINITE_RECURSION = YES;
				CLANG_WARN_INT_CONVERSION = YES;
				CLANG_WARN_NON_LITERAL_NULL_CONVERSION = YES;
				CLANG_WARN_OBJC_IMPLICIT_RETAIN_SELF = YES;
				CLANG_WARN_OBJC_LITERAL_CONVERSION = YES;
				CLANG_WARN_OBJC_ROOT_CLASS = YES_ERROR;
				CLANG_WARN_QUOTED_INCLUDE_IN_FRAMEWORK_HEADER = YES;
				CLANG_WARN_RANGE_LOOP_ANALYSIS = YES;
				CLANG_WARN_STRICT_PROTOTYPES = YES;
				CLANG_WARN_SUSPICIOUS_MOVE = YES;
				CLANG_WARN_UNGUARDED_AVAILABILITY = YES_AGGRESSIVE;
				CLANG_WARN_UNREACHABLE_CODE = YES;
				CLANG_WARN__DUPLICATE_METHOD_MATCH = YES;
				CODE_SIGN_STYLE = Automatic;
				COPY_PHASE_STRIP = NO;
				CURRENT_PROJECT_VERSION = 1;
				DEBUG_INFORMATION_FORMAT = dwarf;
				ENABLE_STRICT_OBJC_MSGSEND = YES;
				ENABLE_TESTABILITY = YES;
				ENABLE_USER_SCRIPT_SANDBOXING = NO;
				GCC_C_LANGUAGE_STANDARD = gnu17;
				GCC_DYNAMIC_NO_PIC = NO;
				GCC_NO_COMMON_BLOCKS = YES;
				GCC_OPTIMIZATION_LEVEL = 0;
				GCC_PREPROCESSOR_DEFINITIONS = (
					"DEBUG=1",
					"$(inherited)",
				);
				GCC_WARN_64_TO_32_BIT_CONVERSION = YES;
				GCC_WARN_ABOUT_RETURN_TYPE = YES_ERROR;
				GCC_WARN_UNDECLARED_SELECTOR = YES;
				GCC_WARN_UNINITIALIZED_AUTOS = YES_AGGRESSIVE;
				GCC_WARN_UNUSED_FUNCTION = YES;
				GCC_WARN_UNUSED_VARIABLE = YES;
				GENERATE_INFOPLIST_FILE = YES;
				IPHONEOS_DEPLOYMENT_TARGET = 16.0;
				LOCALIZATION_PREFERS_STRING_CATALOGS = YES;
				MARKETING_VERSION = 1.0;
				MTL_ENABLE_DEBUG_INFO = INCLUDE_SOURCE;
				MTL_FAST_MATH = YES;
				ONLY_ACTIVE_ARCH = YES;
				PRODUCT_BUNDLE_IDENTIFIER = com.tomkuk.AirQualityTests;
				PRODUCT_NAME = "$(TARGET_NAME)";
				SDKROOT = iphoneos;
				SUPPORTED_PLATFORMS = "iphoneos iphonesimulator";
				SUPPORTS_MACCATALYST = NO;
				SUPPORTS_MAC_DESIGNED_FOR_IPHONE_IPAD = NO;
				SUPPORTS_XR_DESIGNED_FOR_IPHONE_IPAD = NO;
				SWIFT_ACTIVE_COMPILATION_CONDITIONS = "DEBUG $(inherited)";
				SWIFT_EMIT_LOC_STRINGS = NO;
				SWIFT_OPTIMIZATION_LEVEL = "-Onone";
				SWIFT_VERSION = 5.0;
				TARGETED_DEVICE_FAMILY = 1;
				TEST_HOST = "$(BUILT_PRODUCTS_DIR)/AirQuality.app/$(BUNDLE_EXECUTABLE_FOLDER_PATH)/AirQuality";
			};
			name = "Development-Debug";
		};
		72F4FF312BE8EE99005A90EC /* Development-Release */ = {
			isa = XCBuildConfiguration;
			buildSettings = {
				ALWAYS_SEARCH_USER_PATHS = NO;
				ASSETCATALOG_COMPILER_GENERATE_SWIFT_ASSET_SYMBOL_EXTENSIONS = YES;
				BUNDLE_LOADER = "$(TEST_HOST)";
				CLANG_ANALYZER_NONNULL = YES;
				CLANG_ANALYZER_NUMBER_OBJECT_CONVERSION = YES_AGGRESSIVE;
				CLANG_CXX_LANGUAGE_STANDARD = "gnu++20";
				CLANG_ENABLE_MODULES = YES;
				CLANG_ENABLE_OBJC_ARC = YES;
				CLANG_ENABLE_OBJC_WEAK = YES;
				CLANG_WARN_BLOCK_CAPTURE_AUTORELEASING = YES;
				CLANG_WARN_BOOL_CONVERSION = YES;
				CLANG_WARN_COMMA = YES;
				CLANG_WARN_CONSTANT_CONVERSION = YES;
				CLANG_WARN_DEPRECATED_OBJC_IMPLEMENTATIONS = YES;
				CLANG_WARN_DIRECT_OBJC_ISA_USAGE = YES_ERROR;
				CLANG_WARN_DOCUMENTATION_COMMENTS = YES;
				CLANG_WARN_EMPTY_BODY = YES;
				CLANG_WARN_ENUM_CONVERSION = YES;
				CLANG_WARN_INFINITE_RECURSION = YES;
				CLANG_WARN_INT_CONVERSION = YES;
				CLANG_WARN_NON_LITERAL_NULL_CONVERSION = YES;
				CLANG_WARN_OBJC_IMPLICIT_RETAIN_SELF = YES;
				CLANG_WARN_OBJC_LITERAL_CONVERSION = YES;
				CLANG_WARN_OBJC_ROOT_CLASS = YES_ERROR;
				CLANG_WARN_QUOTED_INCLUDE_IN_FRAMEWORK_HEADER = YES;
				CLANG_WARN_RANGE_LOOP_ANALYSIS = YES;
				CLANG_WARN_STRICT_PROTOTYPES = YES;
				CLANG_WARN_SUSPICIOUS_MOVE = YES;
				CLANG_WARN_UNGUARDED_AVAILABILITY = YES_AGGRESSIVE;
				CLANG_WARN_UNREACHABLE_CODE = YES;
				CLANG_WARN__DUPLICATE_METHOD_MATCH = YES;
				CODE_SIGN_STYLE = Automatic;
				COPY_PHASE_STRIP = NO;
				CURRENT_PROJECT_VERSION = 1;
				DEBUG_INFORMATION_FORMAT = dwarf;
				ENABLE_STRICT_OBJC_MSGSEND = YES;
				ENABLE_TESTABILITY = YES;
				ENABLE_USER_SCRIPT_SANDBOXING = NO;
				GCC_C_LANGUAGE_STANDARD = gnu17;
				GCC_DYNAMIC_NO_PIC = NO;
				GCC_NO_COMMON_BLOCKS = YES;
				GCC_OPTIMIZATION_LEVEL = 0;
				GCC_PREPROCESSOR_DEFINITIONS = (
					"DEBUG=1",
					"$(inherited)",
				);
				GCC_WARN_64_TO_32_BIT_CONVERSION = YES;
				GCC_WARN_ABOUT_RETURN_TYPE = YES_ERROR;
				GCC_WARN_UNDECLARED_SELECTOR = YES;
				GCC_WARN_UNINITIALIZED_AUTOS = YES_AGGRESSIVE;
				GCC_WARN_UNUSED_FUNCTION = YES;
				GCC_WARN_UNUSED_VARIABLE = YES;
				GENERATE_INFOPLIST_FILE = YES;
				IPHONEOS_DEPLOYMENT_TARGET = 16.0;
				LOCALIZATION_PREFERS_STRING_CATALOGS = YES;
				MARKETING_VERSION = 1.0;
				MTL_ENABLE_DEBUG_INFO = INCLUDE_SOURCE;
				MTL_FAST_MATH = YES;
				ONLY_ACTIVE_ARCH = YES;
				PRODUCT_BUNDLE_IDENTIFIER = com.tomkuk.AirQualityTests;
				PRODUCT_NAME = "$(TARGET_NAME)";
				SDKROOT = iphoneos;
				SUPPORTED_PLATFORMS = "iphoneos iphonesimulator";
				SUPPORTS_MACCATALYST = NO;
				SUPPORTS_MAC_DESIGNED_FOR_IPHONE_IPAD = NO;
				SUPPORTS_XR_DESIGNED_FOR_IPHONE_IPAD = NO;
				SWIFT_ACTIVE_COMPILATION_CONDITIONS = "DEBUG $(inherited)";
				SWIFT_EMIT_LOC_STRINGS = NO;
				SWIFT_OPTIMIZATION_LEVEL = "-Onone";
				SWIFT_VERSION = 5.0;
				TARGETED_DEVICE_FAMILY = 1;
				TEST_HOST = "$(BUILT_PRODUCTS_DIR)/AirQuality.app/$(BUNDLE_EXECUTABLE_FOLDER_PATH)/AirQuality";
			};
			name = "Development-Release";
		};
		72F4FF322BE8EE99005A90EC /* Production-Release */ = {
			isa = XCBuildConfiguration;
			buildSettings = {
				ALWAYS_SEARCH_USER_PATHS = NO;
				ASSETCATALOG_COMPILER_GENERATE_SWIFT_ASSET_SYMBOL_EXTENSIONS = YES;
				BUNDLE_LOADER = "$(TEST_HOST)";
				CLANG_ANALYZER_NONNULL = YES;
				CLANG_ANALYZER_NUMBER_OBJECT_CONVERSION = YES_AGGRESSIVE;
				CLANG_CXX_LANGUAGE_STANDARD = "gnu++20";
				CLANG_ENABLE_MODULES = YES;
				CLANG_ENABLE_OBJC_ARC = YES;
				CLANG_ENABLE_OBJC_WEAK = YES;
				CLANG_WARN_BLOCK_CAPTURE_AUTORELEASING = YES;
				CLANG_WARN_BOOL_CONVERSION = YES;
				CLANG_WARN_COMMA = YES;
				CLANG_WARN_CONSTANT_CONVERSION = YES;
				CLANG_WARN_DEPRECATED_OBJC_IMPLEMENTATIONS = YES;
				CLANG_WARN_DIRECT_OBJC_ISA_USAGE = YES_ERROR;
				CLANG_WARN_DOCUMENTATION_COMMENTS = YES;
				CLANG_WARN_EMPTY_BODY = YES;
				CLANG_WARN_ENUM_CONVERSION = YES;
				CLANG_WARN_INFINITE_RECURSION = YES;
				CLANG_WARN_INT_CONVERSION = YES;
				CLANG_WARN_NON_LITERAL_NULL_CONVERSION = YES;
				CLANG_WARN_OBJC_IMPLICIT_RETAIN_SELF = YES;
				CLANG_WARN_OBJC_LITERAL_CONVERSION = YES;
				CLANG_WARN_OBJC_ROOT_CLASS = YES_ERROR;
				CLANG_WARN_QUOTED_INCLUDE_IN_FRAMEWORK_HEADER = YES;
				CLANG_WARN_RANGE_LOOP_ANALYSIS = YES;
				CLANG_WARN_STRICT_PROTOTYPES = YES;
				CLANG_WARN_SUSPICIOUS_MOVE = YES;
				CLANG_WARN_UNGUARDED_AVAILABILITY = YES_AGGRESSIVE;
				CLANG_WARN_UNREACHABLE_CODE = YES;
				CLANG_WARN__DUPLICATE_METHOD_MATCH = YES;
				CODE_SIGN_STYLE = Automatic;
				COPY_PHASE_STRIP = NO;
				CURRENT_PROJECT_VERSION = 1;
				DEBUG_INFORMATION_FORMAT = "dwarf-with-dsym";
				ENABLE_NS_ASSERTIONS = NO;
				ENABLE_STRICT_OBJC_MSGSEND = YES;
				ENABLE_USER_SCRIPT_SANDBOXING = NO;
				GCC_C_LANGUAGE_STANDARD = gnu17;
				GCC_NO_COMMON_BLOCKS = YES;
				GCC_WARN_64_TO_32_BIT_CONVERSION = YES;
				GCC_WARN_ABOUT_RETURN_TYPE = YES_ERROR;
				GCC_WARN_UNDECLARED_SELECTOR = YES;
				GCC_WARN_UNINITIALIZED_AUTOS = YES_AGGRESSIVE;
				GCC_WARN_UNUSED_FUNCTION = YES;
				GCC_WARN_UNUSED_VARIABLE = YES;
				GENERATE_INFOPLIST_FILE = YES;
				IPHONEOS_DEPLOYMENT_TARGET = 16.0;
				LOCALIZATION_PREFERS_STRING_CATALOGS = YES;
				MARKETING_VERSION = 1.0;
				MTL_ENABLE_DEBUG_INFO = NO;
				MTL_FAST_MATH = YES;
				PRODUCT_BUNDLE_IDENTIFIER = com.tomkuk.AirQualityTests;
				PRODUCT_NAME = "$(TARGET_NAME)";
				SDKROOT = iphoneos;
				SUPPORTED_PLATFORMS = "iphoneos iphonesimulator";
				SUPPORTS_MACCATALYST = NO;
				SUPPORTS_MAC_DESIGNED_FOR_IPHONE_IPAD = NO;
				SUPPORTS_XR_DESIGNED_FOR_IPHONE_IPAD = NO;
				SWIFT_COMPILATION_MODE = wholemodule;
				SWIFT_EMIT_LOC_STRINGS = NO;
				SWIFT_VERSION = 5.0;
				TARGETED_DEVICE_FAMILY = 1;
				TEST_HOST = "$(BUILT_PRODUCTS_DIR)/AirQuality.app/$(BUNDLE_EXECUTABLE_FOLDER_PATH)/AirQuality";
				VALIDATE_PRODUCT = YES;
			};
			name = "Production-Release";
		};
/* End XCBuildConfiguration section */

/* Begin XCConfigurationList section */
		72D8F8FF2BD8764500F26FB1 /* Build configuration list for PBXProject "AirQuality" */ = {
			isa = XCConfigurationList;
			buildConfigurations = (
				72D8F9102BD8764600F26FB1 /* Production-Debug */,
				72CE90102BE8F2C900339EC2 /* Tests */,
				72F4FF202BE8D225005A90EC /* Development-Debug */,
				72D8F9112BD8764600F26FB1 /* Development-Release */,
				72F4FF222BE8D242005A90EC /* Production-Release */,
			);
			defaultConfigurationIsVisible = 0;
			defaultConfigurationName = "Production-Debug";
		};
		72D8F9122BD8764600F26FB1 /* Build configuration list for PBXNativeTarget "AirQuality" */ = {
			isa = XCConfigurationList;
			buildConfigurations = (
				72D8F9132BD8764600F26FB1 /* Production-Debug */,
				72CE90112BE8F2C900339EC2 /* Tests */,
				72F4FF212BE8D225005A90EC /* Development-Debug */,
				72D8F9142BD8764600F26FB1 /* Development-Release */,
				72F4FF232BE8D242005A90EC /* Production-Release */,
			);
			defaultConfigurationIsVisible = 0;
			defaultConfigurationName = "Production-Debug";
		};
		72F4FF2E2BE8EE99005A90EC /* Build configuration list for PBXNativeTarget "AirQualityTests" */ = {
			isa = XCConfigurationList;
			buildConfigurations = (
				72F4FF2F2BE8EE99005A90EC /* Production-Debug */,
				72CE90122BE8F2C900339EC2 /* Tests */,
				72F4FF302BE8EE99005A90EC /* Development-Debug */,
				72F4FF312BE8EE99005A90EC /* Development-Release */,
				72F4FF322BE8EE99005A90EC /* Production-Release */,
			);
			defaultConfigurationIsVisible = 0;
			defaultConfigurationName = "Production-Debug";
		};
/* End XCConfigurationList section */

/* Begin XCRemoteSwiftPackageReference section */
		726140D72BEB88FD0027961C /* XCRemoteSwiftPackageReference "Alamofire" */ = {
			isa = XCRemoteSwiftPackageReference;
			repositoryURL = "https://github.com/Alamofire/Alamofire.git";
			requirement = {
				kind = upToNextMajorVersion;
				minimumVersion = 5.9.1;
			};
		};
/* End XCRemoteSwiftPackageReference section */

/* Begin XCSwiftPackageProductDependency section */
		726140D82BEB88FD0027961C /* Alamofire */ = {
			isa = XCSwiftPackageProductDependency;
			package = 726140D72BEB88FD0027961C /* XCRemoteSwiftPackageReference "Alamofire" */;
			productName = Alamofire;
		};
/* End XCSwiftPackageProductDependency section */
	};
	rootObject = 72D8F8FC2BD8764500F26FB1 /* Project object */;
}
